// !$*UTF8*$!
{
	archiveVersion = 1;
	classes = {
	};
	objectVersion = 55;
	objects = {

/* Begin PBXBuildFile section */
		5405FB6429397DBB0090CFE8 /* FeedUIIntegrationTests.swift in Sources */ = {isa = PBXBuildFile; fileRef = 5405FB6329397DBB0090CFE8 /* FeedUIIntegrationTests.swift */; };
		5405FB66293980A70090CFE8 /* EssentialFeed.framework in Frameworks */ = {isa = PBXBuildFile; fileRef = 540773AD28EDF3B400A5B212 /* EssentialFeed.framework */; platformFilter = ios; };
		5405FB67293980A70090CFE8 /* EssentialFeed.framework in Embed Frameworks */ = {isa = PBXBuildFile; fileRef = 540773AD28EDF3B400A5B212 /* EssentialFeed.framework */; platformFilter = ios; settings = {ATTRIBUTES = (CodeSignOnCopy, RemoveHeadersOnCopy, ); }; };
		5405FB6B293981430090CFE8 /* XCTestCase+MemoryLeakTracking.swift in Sources */ = {isa = PBXBuildFile; fileRef = 548A8C9A2902252600543E8D /* XCTestCase+MemoryLeakTracking.swift */; };
		5405FB6D29398BCB0090CFE8 /* FeedViewController.swift in Sources */ = {isa = PBXBuildFile; fileRef = 5405FB6C29398BCB0090CFE8 /* FeedViewController.swift */; };
		5405FB6F293AFB2D0090CFE8 /* FeedImageCell.swift in Sources */ = {isa = PBXBuildFile; fileRef = 5405FB6E293AFB2D0090CFE8 /* FeedImageCell.swift */; };
		5405FB71293BD6230090CFE8 /* UIView+Shimmering.swift in Sources */ = {isa = PBXBuildFile; fileRef = 5405FB70293BD6230090CFE8 /* UIView+Shimmering.swift */; };
		540773B828EDF3FC00A5B212 /* FeedItem.swift in Sources */ = {isa = PBXBuildFile; fileRef = 540773B728EDF3FC00A5B212 /* FeedItem.swift */; };
		540773BA28EDF47F00A5B212 /* FeedLoader.swift in Sources */ = {isa = PBXBuildFile; fileRef = 540773B928EDF47F00A5B212 /* FeedLoader.swift */; };
		540773C428EDF68700A5B212 /* EssentialFeed.framework in Frameworks */ = {isa = PBXBuildFile; fileRef = 540773AD28EDF3B400A5B212 /* EssentialFeed.framework */; };
		540773CE28EDFF8D00A5B212 /* LoadFeedFromRemoteUseCaseTests.swift in Sources */ = {isa = PBXBuildFile; fileRef = 540773CD28EDFF8D00A5B212 /* LoadFeedFromRemoteUseCaseTests.swift */; };
		541D306629293D3500A93550 /* EssentialFeedCacheIntegrationTests.swift in Sources */ = {isa = PBXBuildFile; fileRef = 541D306529293D3500A93550 /* EssentialFeedCacheIntegrationTests.swift */; };
		541D306729293D3500A93550 /* EssentialFeed.framework in Frameworks */ = {isa = PBXBuildFile; fileRef = 540773AD28EDF3B400A5B212 /* EssentialFeed.framework */; };
		541D306D29293E2900A93550 /* XCTestCase+MemoryLeakTracking.swift in Sources */ = {isa = PBXBuildFile; fileRef = 548A8C9A2902252600543E8D /* XCTestCase+MemoryLeakTracking.swift */; };
		541D306E29293ED300A93550 /* FeedCacheTestHelpers.swift in Sources */ = {isa = PBXBuildFile; fileRef = 54E66D6B291DCE34006F2F30 /* FeedCacheTestHelpers.swift */; };
		541D306F29293EE500A93550 /* SharedTestHelpers.swift in Sources */ = {isa = PBXBuildFile; fileRef = 54E66D6D291DCED8006F2F30 /* SharedTestHelpers.swift */; };
		5422B7FE290361B000C6D53A /* XCTestCase+MemoryLeakTracking.swift in Sources */ = {isa = PBXBuildFile; fileRef = 548A8C9A2902252600543E8D /* XCTestCase+MemoryLeakTracking.swift */; };
		5445F634295A2C3400A85478 /* FeedUIIntegrationTests+Localization.swift in Sources */ = {isa = PBXBuildFile; fileRef = 5445F633295A2C3400A85478 /* FeedUIIntegrationTests+Localization.swift */; };
		5445F636295A2EA100A85478 /* ErrorView.swift in Sources */ = {isa = PBXBuildFile; fileRef = 5445F635295A2EA100A85478 /* ErrorView.swift */; };
		5445F63B295B2A5200A85478 /* FeedErrorViewModel.swift in Sources */ = {isa = PBXBuildFile; fileRef = 5445F63A295B2A5200A85478 /* FeedErrorViewModel.swift */; };
		5445F63D295B342900A85478 /* UIRefreshControl+Helpers.swift in Sources */ = {isa = PBXBuildFile; fileRef = 5445F63C295B342900A85478 /* UIRefreshControl+Helpers.swift */; };
		5445F640295B627100A85478 /* FeedPresenterTests.swift in Sources */ = {isa = PBXBuildFile; fileRef = 5445F63F295B627100A85478 /* FeedPresenterTests.swift */; };
		5445F64A295B687C00A85478 /* FeedPresenter.swift in Sources */ = {isa = PBXBuildFile; fileRef = 5445F649295B687B00A85478 /* FeedPresenter.swift */; };
		5445F64B295B693800A85478 /* Feed.strings in Resources */ = {isa = PBXBuildFile; fileRef = 5445F645295B67AE00A85478 /* Feed.strings */; };
		5445F64D295B696B00A85478 /* FeedViewModel.swift in Sources */ = {isa = PBXBuildFile; fileRef = 5445F64C295B696B00A85478 /* FeedViewModel.swift */; };
		5445F64F295B69B200A85478 /* FeedLoadingViewModel.swift in Sources */ = {isa = PBXBuildFile; fileRef = 5445F64E295B69B200A85478 /* FeedLoadingViewModel.swift */; };
		5445F651295B69D800A85478 /* FeedErrorViewModel.swift in Sources */ = {isa = PBXBuildFile; fileRef = 5445F650295B69D800A85478 /* FeedErrorViewModel.swift */; };
		544910B02941700300C5ACEB /* UIImage+TestHelpers.swift in Sources */ = {isa = PBXBuildFile; fileRef = 544910AF2941700300C5ACEB /* UIImage+TestHelpers.swift */; };
		544910B22941707100C5ACEB /* UIRefreshControl+TestHelpers.swift in Sources */ = {isa = PBXBuildFile; fileRef = 544910B12941707100C5ACEB /* UIRefreshControl+TestHelpers.swift */; };
		544910B4294170AA00C5ACEB /* UIButton+TestHelpers.swift in Sources */ = {isa = PBXBuildFile; fileRef = 544910B3294170AA00C5ACEB /* UIButton+TestHelpers.swift */; };
		544910B6294170F600C5ACEB /* UIControl+TestHelpers.swift in Sources */ = {isa = PBXBuildFile; fileRef = 544910B5294170F600C5ACEB /* UIControl+TestHelpers.swift */; };
		544910BB2941722400C5ACEB /* FeedViewController+TestHelpers.swift in Sources */ = {isa = PBXBuildFile; fileRef = 544910BA2941722400C5ACEB /* FeedViewController+TestHelpers.swift */; };
		544910BD2941727600C5ACEB /* FeedImageCell+TestHelpers.swift in Sources */ = {isa = PBXBuildFile; fileRef = 544910BC2941727600C5ACEB /* FeedImageCell+TestHelpers.swift */; };
		544910BF294172F000C5ACEB /* FeedUIIntegrationTests+LoaderSpy.swift in Sources */ = {isa = PBXBuildFile; fileRef = 544910BE294172EF00C5ACEB /* FeedUIIntegrationTests+LoaderSpy.swift */; };
		544910C12941737700C5ACEB /* FeedUIIntegrationTests+Assertions.swift in Sources */ = {isa = PBXBuildFile; fileRef = 544910C02941737700C5ACEB /* FeedUIIntegrationTests+Assertions.swift */; };
		544910C6294174B200C5ACEB /* FeedImageDataLoader.swift in Sources */ = {isa = PBXBuildFile; fileRef = 544910C5294174B200C5ACEB /* FeedImageDataLoader.swift */; };
		544910CA2942572900C5ACEB /* FeedImageCellController.swift in Sources */ = {isa = PBXBuildFile; fileRef = 544910C92942572800C5ACEB /* FeedImageCellController.swift */; };
		5459682228F8360400A1EA99 /* HTTPClient.swift in Sources */ = {isa = PBXBuildFile; fileRef = 5459682128F8360400A1EA99 /* HTTPClient.swift */; };
		5459682428F8365B00A1EA99 /* FeedItemsMapper.swift in Sources */ = {isa = PBXBuildFile; fileRef = 5459682328F8365B00A1EA99 /* FeedItemsMapper.swift */; };
		54671F122920745D00D0F417 /* FeedCachePolicy.swift in Sources */ = {isa = PBXBuildFile; fileRef = 54671F112920745D00D0F417 /* FeedCachePolicy.swift */; };
		54671F162922BE8100D0F417 /* CodableFeedStore.swift in Sources */ = {isa = PBXBuildFile; fileRef = 54671F152922BE8100D0F417 /* CodableFeedStore.swift */; };
		54671F1829240F3000D0F417 /* FeedStoreSpecs.swift in Sources */ = {isa = PBXBuildFile; fileRef = 54671F1729240F3000D0F417 /* FeedStoreSpecs.swift */; };
		54671F1A29240FDD00D0F417 /* XCTestCase+FeedStoreSpecs.swift in Sources */ = {isa = PBXBuildFile; fileRef = 54671F1929240FDD00D0F417 /* XCTestCase+FeedStoreSpecs.swift */; };
		54671F1C2924113900D0F417 /* XCTestCase+FailableRetrieveFeedStoreSpecs.swift in Sources */ = {isa = PBXBuildFile; fileRef = 54671F1B2924113900D0F417 /* XCTestCase+FailableRetrieveFeedStoreSpecs.swift */; };
		54671F1E2924118D00D0F417 /* XCTestCase+FailableInsertFeedStoreSpecs.swift in Sources */ = {isa = PBXBuildFile; fileRef = 54671F1D2924118D00D0F417 /* XCTestCase+FailableInsertFeedStoreSpecs.swift */; };
		54671F20292411D400D0F417 /* XCTestCase+FailableDeleteFeedStoreSpecs.swift in Sources */ = {isa = PBXBuildFile; fileRef = 54671F1F292411D400D0F417 /* XCTestCase+FailableDeleteFeedStoreSpecs.swift */; };
		54671F232924362000D0F417 /* CoreDataFeedStoreTests.swift in Sources */ = {isa = PBXBuildFile; fileRef = 54671F222924362000D0F417 /* CoreDataFeedStoreTests.swift */; };
		54671F2F2924413000D0F417 /* CoreDataFeedStore.swift in Sources */ = {isa = PBXBuildFile; fileRef = 54671F2E2924413000D0F417 /* CoreDataFeedStore.swift */; };
		54671F3A2924495900D0F417 /* FeedStore.xcdatamodeld in Sources */ = {isa = PBXBuildFile; fileRef = 54671F382924495900D0F417 /* FeedStore.xcdatamodeld */; };
		54671F3C2924498E00D0F417 /* CoreDataHelpers.swift in Sources */ = {isa = PBXBuildFile; fileRef = 54671F3B2924498E00D0F417 /* CoreDataHelpers.swift */; };
		54671F3E292449EB00D0F417 /* ManagedCache.swift in Sources */ = {isa = PBXBuildFile; fileRef = 54671F3D292449EB00D0F417 /* ManagedCache.swift */; };
		54671F4029244A0800D0F417 /* ManagedFeedImage.swift in Sources */ = {isa = PBXBuildFile; fileRef = 54671F3F29244A0800D0F417 /* ManagedFeedImage.swift */; };
		547CCC9629343DE600928C40 /* EssentialFeediOS.framework in Frameworks */ = {isa = PBXBuildFile; fileRef = 547CCC8E29343DE600928C40 /* EssentialFeediOS.framework */; };
		54870B2E2914924C005127DD /* CacheFeedUseCaseTests.swift in Sources */ = {isa = PBXBuildFile; fileRef = 54870B2D2914924C005127DD /* CacheFeedUseCaseTests.swift */; };
		548A8C9B2902252600543E8D /* XCTestCase+MemoryLeakTracking.swift in Sources */ = {isa = PBXBuildFile; fileRef = 548A8C9A2902252600543E8D /* XCTestCase+MemoryLeakTracking.swift */; };
		548A8C9D290238A400543E8D /* URLSessionHTTPClient.swift in Sources */ = {isa = PBXBuildFile; fileRef = 548A8C9C290238A400543E8D /* URLSessionHTTPClient.swift */; };
		548A8CA529035DB300543E8D /* EssentialFeedAPIEndToEndTests.swift in Sources */ = {isa = PBXBuildFile; fileRef = 548A8CA429035DB300543E8D /* EssentialFeedAPIEndToEndTests.swift */; };
		548A8CA629035DB300543E8D /* EssentialFeed.framework in Frameworks */ = {isa = PBXBuildFile; fileRef = 540773AD28EDF3B400A5B212 /* EssentialFeed.framework */; };
		54A6531328EF63A000532F34 /* RemoteFeedLoader.swift in Sources */ = {isa = PBXBuildFile; fileRef = 54A6531228EF63A000532F34 /* RemoteFeedLoader.swift */; };
		54B63B3D2918886A00BACF54 /* LocalFeedLoader.swift in Sources */ = {isa = PBXBuildFile; fileRef = 54B63B3C2918886A00BACF54 /* LocalFeedLoader.swift */; };
		54B63B3F291888E500BACF54 /* FeedStore.swift in Sources */ = {isa = PBXBuildFile; fileRef = 54B63B3E291888E500BACF54 /* FeedStore.swift */; };
		54C3EC4D2947F0E900E8E211 /* FeedUIComposer.swift in Sources */ = {isa = PBXBuildFile; fileRef = 54C3EC4C2947F0E900E8E211 /* FeedUIComposer.swift */; };
		54C3EC5A294A06C400E8E211 /* FeedPresenter.swift in Sources */ = {isa = PBXBuildFile; fileRef = 54C3EC59294A06C400E8E211 /* FeedPresenter.swift */; };
		54C3EC60294B556C00E8E211 /* FeedImagePresenter.swift in Sources */ = {isa = PBXBuildFile; fileRef = 54C3EC5F294B556C00E8E211 /* FeedImagePresenter.swift */; };
		54C3EC62294B569C00E8E211 /* FeedLoadingViewModel.swift in Sources */ = {isa = PBXBuildFile; fileRef = 54C3EC61294B569C00E8E211 /* FeedLoadingViewModel.swift */; };
		54C3EC64294B56C000E8E211 /* FeedViewModel.swift in Sources */ = {isa = PBXBuildFile; fileRef = 54C3EC63294B56C000E8E211 /* FeedViewModel.swift */; };
		54C3EC78294CB95100E8E211 /* Feed.xcassets in Resources */ = {isa = PBXBuildFile; fileRef = 54C3EC77294CB95100E8E211 /* Feed.xcassets */; };
		54C3EC7A294CBFA400E8E211 /* UITableView+Dequeueing.swift in Sources */ = {isa = PBXBuildFile; fileRef = 54C3EC79294CBFA400E8E211 /* UITableView+Dequeueing.swift */; };
		54C3EC7C294CC0FC00E8E211 /* UIImageView+FadeInAnimation.swift in Sources */ = {isa = PBXBuildFile; fileRef = 54C3EC7B294CC0FC00E8E211 /* UIImageView+FadeInAnimation.swift */; };
		54C3EC82294E543200E8E211 /* Feed.strings in Resources */ = {isa = PBXBuildFile; fileRef = 54C3EC84294E543200E8E211 /* Feed.strings */; };
		54C3EC89294E55A600E8E211 /* FeedLocalizationTests.swift in Sources */ = {isa = PBXBuildFile; fileRef = 54C3EC88294E55A600E8E211 /* FeedLocalizationTests.swift */; };
		54D294FF291A82DA00DE9480 /* RemoteFeedItem.swift in Sources */ = {isa = PBXBuildFile; fileRef = 54D294FE291A82DA00DE9480 /* RemoteFeedItem.swift */; };
		54D29501291A839400DE9480 /* LocalFeedImage.swift in Sources */ = {isa = PBXBuildFile; fileRef = 54D29500291A839400DE9480 /* LocalFeedImage.swift */; };
		54E66D41291A9058006F2F30 /* LoadFeedFromCacheUseCaseTests.swift in Sources */ = {isa = PBXBuildFile; fileRef = 54E66D40291A9058006F2F30 /* LoadFeedFromCacheUseCaseTests.swift */; };
		54E66D44291A9117006F2F30 /* FeedStoreSpy.swift in Sources */ = {isa = PBXBuildFile; fileRef = 54E66D43291A9117006F2F30 /* FeedStoreSpy.swift */; };
		54E66D6A291DC9F1006F2F30 /* ValidateFeedCacheUseCaseTests.swift in Sources */ = {isa = PBXBuildFile; fileRef = 54E66D69291DC9F1006F2F30 /* ValidateFeedCacheUseCaseTests.swift */; };
		54E66D6C291DCE34006F2F30 /* FeedCacheTestHelpers.swift in Sources */ = {isa = PBXBuildFile; fileRef = 54E66D6B291DCE34006F2F30 /* FeedCacheTestHelpers.swift */; };
		54E66D6E291DCED8006F2F30 /* SharedTestHelpers.swift in Sources */ = {isa = PBXBuildFile; fileRef = 54E66D6D291DCED8006F2F30 /* SharedTestHelpers.swift */; };
		54E7F0FD28FB5BBF007D23F2 /* URLSessionHTTPClientTests.swift in Sources */ = {isa = PBXBuildFile; fileRef = 54E7F0FC28FB5BBF007D23F2 /* URLSessionHTTPClientTests.swift */; };
/* End PBXBuildFile section */

/* Begin PBXContainerItemProxy section */
		5405FB68293980A70090CFE8 /* PBXContainerItemProxy */ = {
			isa = PBXContainerItemProxy;
			containerPortal = 540773A428EDF3B400A5B212 /* Project object */;
			proxyType = 1;
			remoteGlobalIDString = 540773AC28EDF3B400A5B212;
			remoteInfo = EssentialFeed;
		};
		540773C528EDF68700A5B212 /* PBXContainerItemProxy */ = {
			isa = PBXContainerItemProxy;
			containerPortal = 540773A428EDF3B400A5B212 /* Project object */;
			proxyType = 1;
			remoteGlobalIDString = 540773AC28EDF3B400A5B212;
			remoteInfo = EssentialFeed;
		};
		541D306829293D3500A93550 /* PBXContainerItemProxy */ = {
			isa = PBXContainerItemProxy;
			containerPortal = 540773A428EDF3B400A5B212 /* Project object */;
			proxyType = 1;
			remoteGlobalIDString = 540773AC28EDF3B400A5B212;
			remoteInfo = EssentialFeed;
		};
		547CCC9729343DE600928C40 /* PBXContainerItemProxy */ = {
			isa = PBXContainerItemProxy;
			containerPortal = 540773A428EDF3B400A5B212 /* Project object */;
			proxyType = 1;
			remoteGlobalIDString = 547CCC8D29343DE600928C40;
			remoteInfo = EssentialFeediOS;
		};
		548A8CA729035DB300543E8D /* PBXContainerItemProxy */ = {
			isa = PBXContainerItemProxy;
			containerPortal = 540773A428EDF3B400A5B212 /* Project object */;
			proxyType = 1;
			remoteGlobalIDString = 540773AC28EDF3B400A5B212;
			remoteInfo = EssentialFeed;
		};
/* End PBXContainerItemProxy section */

/* Begin PBXCopyFilesBuildPhase section */
		5405FB6A293980A70090CFE8 /* Embed Frameworks */ = {
			isa = PBXCopyFilesBuildPhase;
			buildActionMask = 2147483647;
			dstPath = "";
			dstSubfolderSpec = 10;
			files = (
				5405FB67293980A70090CFE8 /* EssentialFeed.framework in Embed Frameworks */,
			);
			name = "Embed Frameworks";
			runOnlyForDeploymentPostprocessing = 0;
		};
/* End PBXCopyFilesBuildPhase section */

/* Begin PBXFileReference section */
		5405FB6329397DBB0090CFE8 /* FeedUIIntegrationTests.swift */ = {isa = PBXFileReference; lastKnownFileType = sourcecode.swift; path = FeedUIIntegrationTests.swift; sourceTree = "<group>"; };
		5405FB6C29398BCB0090CFE8 /* FeedViewController.swift */ = {isa = PBXFileReference; lastKnownFileType = sourcecode.swift; path = FeedViewController.swift; sourceTree = "<group>"; };
		5405FB6E293AFB2D0090CFE8 /* FeedImageCell.swift */ = {isa = PBXFileReference; lastKnownFileType = sourcecode.swift; path = FeedImageCell.swift; sourceTree = "<group>"; };
		5405FB70293BD6230090CFE8 /* UIView+Shimmering.swift */ = {isa = PBXFileReference; lastKnownFileType = sourcecode.swift; path = "UIView+Shimmering.swift"; sourceTree = "<group>"; };
		540773AD28EDF3B400A5B212 /* EssentialFeed.framework */ = {isa = PBXFileReference; explicitFileType = wrapper.framework; includeInIndex = 0; path = EssentialFeed.framework; sourceTree = BUILT_PRODUCTS_DIR; };
		540773B728EDF3FC00A5B212 /* FeedItem.swift */ = {isa = PBXFileReference; lastKnownFileType = sourcecode.swift; path = FeedItem.swift; sourceTree = "<group>"; };
		540773B928EDF47F00A5B212 /* FeedLoader.swift */ = {isa = PBXFileReference; lastKnownFileType = sourcecode.swift; path = FeedLoader.swift; sourceTree = "<group>"; };
		540773C028EDF68700A5B212 /* EssentialFeedTests.xctest */ = {isa = PBXFileReference; explicitFileType = wrapper.cfbundle; includeInIndex = 0; path = EssentialFeedTests.xctest; sourceTree = BUILT_PRODUCTS_DIR; };
		540773CD28EDFF8D00A5B212 /* LoadFeedFromRemoteUseCaseTests.swift */ = {isa = PBXFileReference; lastKnownFileType = sourcecode.swift; path = LoadFeedFromRemoteUseCaseTests.swift; sourceTree = "<group>"; };
		541D306329293D3400A93550 /* EssentialFeedCacheIntegrationTests.xctest */ = {isa = PBXFileReference; explicitFileType = wrapper.cfbundle; includeInIndex = 0; path = EssentialFeedCacheIntegrationTests.xctest; sourceTree = BUILT_PRODUCTS_DIR; };
		541D306529293D3500A93550 /* EssentialFeedCacheIntegrationTests.swift */ = {isa = PBXFileReference; lastKnownFileType = sourcecode.swift; path = EssentialFeedCacheIntegrationTests.swift; sourceTree = "<group>"; };
		5445F633295A2C3400A85478 /* FeedUIIntegrationTests+Localization.swift */ = {isa = PBXFileReference; lastKnownFileType = sourcecode.swift; path = "FeedUIIntegrationTests+Localization.swift"; sourceTree = "<group>"; };
		5445F635295A2EA100A85478 /* ErrorView.swift */ = {isa = PBXFileReference; lastKnownFileType = sourcecode.swift; path = ErrorView.swift; sourceTree = "<group>"; };
		5445F63A295B2A5200A85478 /* FeedErrorViewModel.swift */ = {isa = PBXFileReference; lastKnownFileType = sourcecode.swift; path = FeedErrorViewModel.swift; sourceTree = "<group>"; };
		5445F63C295B342900A85478 /* UIRefreshControl+Helpers.swift */ = {isa = PBXFileReference; lastKnownFileType = sourcecode.swift; path = "UIRefreshControl+Helpers.swift"; sourceTree = "<group>"; };
		5445F63F295B627100A85478 /* FeedPresenterTests.swift */ = {isa = PBXFileReference; lastKnownFileType = sourcecode.swift; path = FeedPresenterTests.swift; sourceTree = "<group>"; };
		5445F644295B67AE00A85478 /* en */ = {isa = PBXFileReference; lastKnownFileType = text.plist.strings; name = en; path = en.lproj/Feed.strings; sourceTree = "<group>"; };
		5445F646295B67AF00A85478 /* el */ = {isa = PBXFileReference; lastKnownFileType = text.plist.strings; name = el; path = el.lproj/Feed.strings; sourceTree = "<group>"; };
		5445F647295B67B000A85478 /* pt-BR */ = {isa = PBXFileReference; lastKnownFileType = text.plist.strings; name = "pt-BR"; path = "pt-BR.lproj/Feed.strings"; sourceTree = "<group>"; };
		5445F649295B687B00A85478 /* FeedPresenter.swift */ = {isa = PBXFileReference; lastKnownFileType = sourcecode.swift; path = FeedPresenter.swift; sourceTree = "<group>"; };
		5445F64C295B696B00A85478 /* FeedViewModel.swift */ = {isa = PBXFileReference; lastKnownFileType = sourcecode.swift; path = FeedViewModel.swift; sourceTree = "<group>"; };
		5445F64E295B69B200A85478 /* FeedLoadingViewModel.swift */ = {isa = PBXFileReference; lastKnownFileType = sourcecode.swift; path = FeedLoadingViewModel.swift; sourceTree = "<group>"; };
		5445F650295B69D800A85478 /* FeedErrorViewModel.swift */ = {isa = PBXFileReference; lastKnownFileType = sourcecode.swift; path = FeedErrorViewModel.swift; sourceTree = "<group>"; };
		544910AF2941700300C5ACEB /* UIImage+TestHelpers.swift */ = {isa = PBXFileReference; lastKnownFileType = sourcecode.swift; path = "UIImage+TestHelpers.swift"; sourceTree = "<group>"; };
		544910B12941707100C5ACEB /* UIRefreshControl+TestHelpers.swift */ = {isa = PBXFileReference; lastKnownFileType = sourcecode.swift; path = "UIRefreshControl+TestHelpers.swift"; sourceTree = "<group>"; };
		544910B3294170AA00C5ACEB /* UIButton+TestHelpers.swift */ = {isa = PBXFileReference; lastKnownFileType = sourcecode.swift; path = "UIButton+TestHelpers.swift"; sourceTree = "<group>"; };
		544910B5294170F600C5ACEB /* UIControl+TestHelpers.swift */ = {isa = PBXFileReference; lastKnownFileType = sourcecode.swift; path = "UIControl+TestHelpers.swift"; sourceTree = "<group>"; };
		544910BA2941722400C5ACEB /* FeedViewController+TestHelpers.swift */ = {isa = PBXFileReference; lastKnownFileType = sourcecode.swift; path = "FeedViewController+TestHelpers.swift"; sourceTree = "<group>"; };
		544910BC2941727600C5ACEB /* FeedImageCell+TestHelpers.swift */ = {isa = PBXFileReference; lastKnownFileType = sourcecode.swift; path = "FeedImageCell+TestHelpers.swift"; sourceTree = "<group>"; };
		544910BE294172EF00C5ACEB /* FeedUIIntegrationTests+LoaderSpy.swift */ = {isa = PBXFileReference; lastKnownFileType = sourcecode.swift; path = "FeedUIIntegrationTests+LoaderSpy.swift"; sourceTree = "<group>"; };
		544910C02941737700C5ACEB /* FeedUIIntegrationTests+Assertions.swift */ = {isa = PBXFileReference; lastKnownFileType = sourcecode.swift; path = "FeedUIIntegrationTests+Assertions.swift"; sourceTree = "<group>"; };
		544910C5294174B200C5ACEB /* FeedImageDataLoader.swift */ = {isa = PBXFileReference; lastKnownFileType = sourcecode.swift; path = FeedImageDataLoader.swift; sourceTree = "<group>"; };
		544910C92942572800C5ACEB /* FeedImageCellController.swift */ = {isa = PBXFileReference; lastKnownFileType = sourcecode.swift; path = FeedImageCellController.swift; sourceTree = "<group>"; };
		5459682128F8360400A1EA99 /* HTTPClient.swift */ = {isa = PBXFileReference; lastKnownFileType = sourcecode.swift; path = HTTPClient.swift; sourceTree = "<group>"; };
		5459682328F8365B00A1EA99 /* FeedItemsMapper.swift */ = {isa = PBXFileReference; lastKnownFileType = sourcecode.swift; path = FeedItemsMapper.swift; sourceTree = "<group>"; };
		54671F112920745D00D0F417 /* FeedCachePolicy.swift */ = {isa = PBXFileReference; lastKnownFileType = sourcecode.swift; path = FeedCachePolicy.swift; sourceTree = "<group>"; };
		54671F152922BE8100D0F417 /* CodableFeedStore.swift */ = {isa = PBXFileReference; lastKnownFileType = sourcecode.swift; path = CodableFeedStore.swift; sourceTree = "<group>"; };
		54671F1729240F3000D0F417 /* FeedStoreSpecs.swift */ = {isa = PBXFileReference; lastKnownFileType = sourcecode.swift; path = FeedStoreSpecs.swift; sourceTree = "<group>"; };
		54671F1929240FDD00D0F417 /* XCTestCase+FeedStoreSpecs.swift */ = {isa = PBXFileReference; lastKnownFileType = sourcecode.swift; path = "XCTestCase+FeedStoreSpecs.swift"; sourceTree = "<group>"; };
		54671F1B2924113900D0F417 /* XCTestCase+FailableRetrieveFeedStoreSpecs.swift */ = {isa = PBXFileReference; lastKnownFileType = sourcecode.swift; path = "XCTestCase+FailableRetrieveFeedStoreSpecs.swift"; sourceTree = "<group>"; };
		54671F1D2924118D00D0F417 /* XCTestCase+FailableInsertFeedStoreSpecs.swift */ = {isa = PBXFileReference; lastKnownFileType = sourcecode.swift; path = "XCTestCase+FailableInsertFeedStoreSpecs.swift"; sourceTree = "<group>"; };
		54671F1F292411D400D0F417 /* XCTestCase+FailableDeleteFeedStoreSpecs.swift */ = {isa = PBXFileReference; lastKnownFileType = sourcecode.swift; path = "XCTestCase+FailableDeleteFeedStoreSpecs.swift"; sourceTree = "<group>"; };
		54671F222924362000D0F417 /* CoreDataFeedStoreTests.swift */ = {isa = PBXFileReference; lastKnownFileType = sourcecode.swift; path = CoreDataFeedStoreTests.swift; sourceTree = "<group>"; };
		54671F2E2924413000D0F417 /* CoreDataFeedStore.swift */ = {isa = PBXFileReference; lastKnownFileType = sourcecode.swift; path = CoreDataFeedStore.swift; sourceTree = "<group>"; };
		54671F392924495900D0F417 /* FeedStore.xcdatamodel */ = {isa = PBXFileReference; lastKnownFileType = wrapper.xcdatamodel; path = FeedStore.xcdatamodel; sourceTree = "<group>"; };
		54671F3B2924498E00D0F417 /* CoreDataHelpers.swift */ = {isa = PBXFileReference; lastKnownFileType = sourcecode.swift; path = CoreDataHelpers.swift; sourceTree = "<group>"; };
		54671F3D292449EB00D0F417 /* ManagedCache.swift */ = {isa = PBXFileReference; lastKnownFileType = sourcecode.swift; path = ManagedCache.swift; sourceTree = "<group>"; };
		54671F3F29244A0800D0F417 /* ManagedFeedImage.swift */ = {isa = PBXFileReference; lastKnownFileType = sourcecode.swift; path = ManagedFeedImage.swift; sourceTree = "<group>"; };
		547CCC8E29343DE600928C40 /* EssentialFeediOS.framework */ = {isa = PBXFileReference; explicitFileType = wrapper.framework; includeInIndex = 0; path = EssentialFeediOS.framework; sourceTree = BUILT_PRODUCTS_DIR; };
		547CCC9529343DE600928C40 /* EssentialFeediOSTests.xctest */ = {isa = PBXFileReference; explicitFileType = wrapper.cfbundle; includeInIndex = 0; path = EssentialFeediOSTests.xctest; sourceTree = BUILT_PRODUCTS_DIR; };
		54870B2D2914924C005127DD /* CacheFeedUseCaseTests.swift */ = {isa = PBXFileReference; lastKnownFileType = sourcecode.swift; path = CacheFeedUseCaseTests.swift; sourceTree = "<group>"; };
		548A8C9A2902252600543E8D /* XCTestCase+MemoryLeakTracking.swift */ = {isa = PBXFileReference; lastKnownFileType = sourcecode.swift; path = "XCTestCase+MemoryLeakTracking.swift"; sourceTree = "<group>"; };
		548A8C9C290238A400543E8D /* URLSessionHTTPClient.swift */ = {isa = PBXFileReference; lastKnownFileType = sourcecode.swift; path = URLSessionHTTPClient.swift; sourceTree = "<group>"; };
		548A8CA229035DB300543E8D /* EssentialFeedAPIEndToEndTests.xctest */ = {isa = PBXFileReference; explicitFileType = wrapper.cfbundle; includeInIndex = 0; path = EssentialFeedAPIEndToEndTests.xctest; sourceTree = BUILT_PRODUCTS_DIR; };
		548A8CA429035DB300543E8D /* EssentialFeedAPIEndToEndTests.swift */ = {isa = PBXFileReference; lastKnownFileType = sourcecode.swift; path = EssentialFeedAPIEndToEndTests.swift; sourceTree = "<group>"; };
		54A6531228EF63A000532F34 /* RemoteFeedLoader.swift */ = {isa = PBXFileReference; lastKnownFileType = sourcecode.swift; path = RemoteFeedLoader.swift; sourceTree = "<group>"; };
		54B63B3C2918886A00BACF54 /* LocalFeedLoader.swift */ = {isa = PBXFileReference; lastKnownFileType = sourcecode.swift; path = LocalFeedLoader.swift; sourceTree = "<group>"; };
		54B63B3E291888E500BACF54 /* FeedStore.swift */ = {isa = PBXFileReference; lastKnownFileType = sourcecode.swift; path = FeedStore.swift; sourceTree = "<group>"; };
		54C3EC4C2947F0E900E8E211 /* FeedUIComposer.swift */ = {isa = PBXFileReference; lastKnownFileType = sourcecode.swift; path = FeedUIComposer.swift; sourceTree = "<group>"; };
		54C3EC59294A06C400E8E211 /* FeedPresenter.swift */ = {isa = PBXFileReference; lastKnownFileType = sourcecode.swift; path = FeedPresenter.swift; sourceTree = "<group>"; };
		54C3EC5F294B556C00E8E211 /* FeedImagePresenter.swift */ = {isa = PBXFileReference; lastKnownFileType = sourcecode.swift; path = FeedImagePresenter.swift; sourceTree = "<group>"; };
		54C3EC61294B569C00E8E211 /* FeedLoadingViewModel.swift */ = {isa = PBXFileReference; lastKnownFileType = sourcecode.swift; path = FeedLoadingViewModel.swift; sourceTree = "<group>"; };
		54C3EC63294B56C000E8E211 /* FeedViewModel.swift */ = {isa = PBXFileReference; lastKnownFileType = sourcecode.swift; path = FeedViewModel.swift; sourceTree = "<group>"; };
		54C3EC77294CB95100E8E211 /* Feed.xcassets */ = {isa = PBXFileReference; lastKnownFileType = folder.assetcatalog; path = Feed.xcassets; sourceTree = "<group>"; };
		54C3EC79294CBFA400E8E211 /* UITableView+Dequeueing.swift */ = {isa = PBXFileReference; lastKnownFileType = sourcecode.swift; path = "UITableView+Dequeueing.swift"; sourceTree = "<group>"; };
		54C3EC7B294CC0FC00E8E211 /* UIImageView+FadeInAnimation.swift */ = {isa = PBXFileReference; lastKnownFileType = sourcecode.swift; path = "UIImageView+FadeInAnimation.swift"; sourceTree = "<group>"; };
		54C3EC83294E543200E8E211 /* en */ = {isa = PBXFileReference; lastKnownFileType = text.plist.strings; name = en; path = en.lproj/Feed.strings; sourceTree = "<group>"; };
		54C3EC85294E545C00E8E211 /* pt-BR */ = {isa = PBXFileReference; lastKnownFileType = text.plist.strings; name = "pt-BR"; path = "pt-BR.lproj/Feed.strings"; sourceTree = "<group>"; };
		54C3EC86294E549B00E8E211 /* el */ = {isa = PBXFileReference; lastKnownFileType = text.plist.strings; name = el; path = el.lproj/Feed.strings; sourceTree = "<group>"; };
		54C3EC88294E55A600E8E211 /* FeedLocalizationTests.swift */ = {isa = PBXFileReference; lastKnownFileType = sourcecode.swift; path = FeedLocalizationTests.swift; sourceTree = "<group>"; };
		54D294FE291A82DA00DE9480 /* RemoteFeedItem.swift */ = {isa = PBXFileReference; lastKnownFileType = sourcecode.swift; path = RemoteFeedItem.swift; sourceTree = "<group>"; };
		54D29500291A839400DE9480 /* LocalFeedImage.swift */ = {isa = PBXFileReference; lastKnownFileType = sourcecode.swift; path = LocalFeedImage.swift; sourceTree = "<group>"; };
		54E66D40291A9058006F2F30 /* LoadFeedFromCacheUseCaseTests.swift */ = {isa = PBXFileReference; lastKnownFileType = sourcecode.swift; path = LoadFeedFromCacheUseCaseTests.swift; sourceTree = "<group>"; };
		54E66D43291A9117006F2F30 /* FeedStoreSpy.swift */ = {isa = PBXFileReference; lastKnownFileType = sourcecode.swift; path = FeedStoreSpy.swift; sourceTree = "<group>"; };
		54E66D69291DC9F1006F2F30 /* ValidateFeedCacheUseCaseTests.swift */ = {isa = PBXFileReference; lastKnownFileType = sourcecode.swift; path = ValidateFeedCacheUseCaseTests.swift; sourceTree = "<group>"; };
		54E66D6B291DCE34006F2F30 /* FeedCacheTestHelpers.swift */ = {isa = PBXFileReference; lastKnownFileType = sourcecode.swift; path = FeedCacheTestHelpers.swift; sourceTree = "<group>"; };
		54E66D6D291DCED8006F2F30 /* SharedTestHelpers.swift */ = {isa = PBXFileReference; lastKnownFileType = sourcecode.swift; path = SharedTestHelpers.swift; sourceTree = "<group>"; };
		54E7F0FC28FB5BBF007D23F2 /* URLSessionHTTPClientTests.swift */ = {isa = PBXFileReference; lastKnownFileType = sourcecode.swift; path = URLSessionHTTPClientTests.swift; sourceTree = "<group>"; };
/* End PBXFileReference section */

/* Begin PBXFrameworksBuildPhase section */
		540773AA28EDF3B400A5B212 /* Frameworks */ = {
			isa = PBXFrameworksBuildPhase;
			buildActionMask = 2147483647;
			files = (
			);
			runOnlyForDeploymentPostprocessing = 0;
		};
		540773BD28EDF68700A5B212 /* Frameworks */ = {
			isa = PBXFrameworksBuildPhase;
			buildActionMask = 2147483647;
			files = (
				540773C428EDF68700A5B212 /* EssentialFeed.framework in Frameworks */,
			);
			runOnlyForDeploymentPostprocessing = 0;
		};
		541D306029293D3400A93550 /* Frameworks */ = {
			isa = PBXFrameworksBuildPhase;
			buildActionMask = 2147483647;
			files = (
				541D306729293D3500A93550 /* EssentialFeed.framework in Frameworks */,
			);
			runOnlyForDeploymentPostprocessing = 0;
		};
		547CCC8B29343DE600928C40 /* Frameworks */ = {
			isa = PBXFrameworksBuildPhase;
			buildActionMask = 2147483647;
			files = (
				5405FB66293980A70090CFE8 /* EssentialFeed.framework in Frameworks */,
			);
			runOnlyForDeploymentPostprocessing = 0;
		};
		547CCC9229343DE600928C40 /* Frameworks */ = {
			isa = PBXFrameworksBuildPhase;
			buildActionMask = 2147483647;
			files = (
				547CCC9629343DE600928C40 /* EssentialFeediOS.framework in Frameworks */,
			);
			runOnlyForDeploymentPostprocessing = 0;
		};
		548A8C9F29035DB300543E8D /* Frameworks */ = {
			isa = PBXFrameworksBuildPhase;
			buildActionMask = 2147483647;
			files = (
				548A8CA629035DB300543E8D /* EssentialFeed.framework in Frameworks */,
			);
			runOnlyForDeploymentPostprocessing = 0;
		};
/* End PBXFrameworksBuildPhase section */

/* Begin PBXGroup section */
		5405FB65293980A70090CFE8 /* Frameworks */ = {
			isa = PBXGroup;
			children = (
			);
			name = Frameworks;
			sourceTree = "<group>";
		};
		540773A328EDF3B400A5B212 = {
			isa = PBXGroup;
			children = (
				540773AF28EDF3B400A5B212 /* EssentialFeed */,
				540773C128EDF68700A5B212 /* EssentialFeedTests */,
				548A8CA329035DB300543E8D /* EssentialFeedAPIEndToEndTests */,
				541D306429293D3500A93550 /* EssentialFeedCacheIntegrationTests */,
				547CCC8F29343DE600928C40 /* EssentialFeediOS */,
				547CCC9929343DE600928C40 /* EssentialFeediOSTests */,
				540773AE28EDF3B400A5B212 /* Products */,
				5405FB65293980A70090CFE8 /* Frameworks */,
			);
			sourceTree = "<group>";
		};
		540773AE28EDF3B400A5B212 /* Products */ = {
			isa = PBXGroup;
			children = (
				540773AD28EDF3B400A5B212 /* EssentialFeed.framework */,
				540773C028EDF68700A5B212 /* EssentialFeedTests.xctest */,
				548A8CA229035DB300543E8D /* EssentialFeedAPIEndToEndTests.xctest */,
				541D306329293D3400A93550 /* EssentialFeedCacheIntegrationTests.xctest */,
				547CCC8E29343DE600928C40 /* EssentialFeediOS.framework */,
				547CCC9529343DE600928C40 /* EssentialFeediOSTests.xctest */,
			);
			name = Products;
			sourceTree = "<group>";
		};
		540773AF28EDF3B400A5B212 /* EssentialFeed */ = {
			isa = PBXGroup;
			children = (
				5445F648295B687000A85478 /* Feed Presentation */,
				54B63B3B2918885E00BACF54 /* Feed Cache */,
				54A6531128EF637700532F34 /* Feed API */,
				540773BB28EDF55A00A5B212 /* Feed Feature */,
			);
			path = EssentialFeed;
			sourceTree = "<group>";
		};
		540773BB28EDF55A00A5B212 /* Feed Feature */ = {
			isa = PBXGroup;
			children = (
				540773B728EDF3FC00A5B212 /* FeedItem.swift */,
				540773B928EDF47F00A5B212 /* FeedLoader.swift */,
			);
			path = "Feed Feature";
			sourceTree = "<group>";
		};
		540773C128EDF68700A5B212 /* EssentialFeedTests */ = {
			isa = PBXGroup;
			children = (
				5445F63E295B625C00A85478 /* Feed Presentation */,
				548A8C992902250000543E8D /* Helpers */,
				54870B2C2914923B005127DD /* Feed Cache */,
				5459682528F83C6900A1EA99 /* Feed API */,
			);
			path = EssentialFeedTests;
			sourceTree = "<group>";
		};
		541D306429293D3500A93550 /* EssentialFeedCacheIntegrationTests */ = {
			isa = PBXGroup;
			children = (
				541D306529293D3500A93550 /* EssentialFeedCacheIntegrationTests.swift */,
			);
			path = EssentialFeedCacheIntegrationTests;
			sourceTree = "<group>";
		};
		5445F639295B1F4600A85478 /* Helpers */ = {
			isa = PBXGroup;
			children = (
				54C3EC7B294CC0FC00E8E211 /* UIImageView+FadeInAnimation.swift */,
				54C3EC79294CBFA400E8E211 /* UITableView+Dequeueing.swift */,
				5405FB70293BD6230090CFE8 /* UIView+Shimmering.swift */,
				5445F63C295B342900A85478 /* UIRefreshControl+Helpers.swift */,
			);
			path = Helpers;
			sourceTree = "<group>";
		};
		5445F63E295B625C00A85478 /* Feed Presentation */ = {
			isa = PBXGroup;
			children = (
				5445F63F295B627100A85478 /* FeedPresenterTests.swift */,
			);
			path = "Feed Presentation";
			sourceTree = "<group>";
		};
		5445F648295B687000A85478 /* Feed Presentation */ = {
			isa = PBXGroup;
			children = (
				5445F649295B687B00A85478 /* FeedPresenter.swift */,
				5445F650295B69D800A85478 /* FeedErrorViewModel.swift */,
				5445F64E295B69B200A85478 /* FeedLoadingViewModel.swift */,
				5445F645295B67AE00A85478 /* Feed.strings */,
				5445F64C295B696B00A85478 /* FeedViewModel.swift */,
			);
			path = "Feed Presentation";
			sourceTree = "<group>";
		};
		544910AE29416FEF00C5ACEB /* Helpers */ = {
			isa = PBXGroup;
			children = (
				544910AF2941700300C5ACEB /* UIImage+TestHelpers.swift */,
				544910B12941707100C5ACEB /* UIRefreshControl+TestHelpers.swift */,
				544910B3294170AA00C5ACEB /* UIButton+TestHelpers.swift */,
				544910B5294170F600C5ACEB /* UIControl+TestHelpers.swift */,
				544910BA2941722400C5ACEB /* FeedViewController+TestHelpers.swift */,
				544910BC2941727600C5ACEB /* FeedImageCell+TestHelpers.swift */,
				544910BE294172EF00C5ACEB /* FeedUIIntegrationTests+LoaderSpy.swift */,
				544910C02941737700C5ACEB /* FeedUIIntegrationTests+Assertions.swift */,
				5445F633295A2C3400A85478 /* FeedUIIntegrationTests+Localization.swift */,
			);
			path = Helpers;
			sourceTree = "<group>";
		};
		544910B72941719B00C5ACEB /* Controllers */ = {
			isa = PBXGroup;
			children = (
				5405FB6C29398BCB0090CFE8 /* FeedViewController.swift */,
				544910C92942572800C5ACEB /* FeedImageCellController.swift */,
			);
			path = Controllers;
			sourceTree = "<group>";
		};
		544910B8294171A400C5ACEB /* Views */ = {
			isa = PBXGroup;
			children = (
				5445F639295B1F4600A85478 /* Helpers */,
				5405FB6E293AFB2D0090CFE8 /* FeedImageCell.swift */,
				54C3EC77294CB95100E8E211 /* Feed.xcassets */,
				5445F635295A2EA100A85478 /* ErrorView.swift */,
			);
			path = Views;
			sourceTree = "<group>";
		};
		544910C22941742200C5ACEB /* Feed UI */ = {
			isa = PBXGroup;
			children = (
				54C3EC4B2947F0D300E8E211 /* Composers */,
				544910B72941719B00C5ACEB /* Controllers */,
				544910B8294171A400C5ACEB /* Views */,
			);
			path = "Feed UI";
			sourceTree = "<group>";
		};
		544910C32941743B00C5ACEB /* Feed UI */ = {
			isa = PBXGroup;
			children = (
				544910AE29416FEF00C5ACEB /* Helpers */,
				5405FB6329397DBB0090CFE8 /* FeedUIIntegrationTests.swift */,
			);
			path = "Feed UI";
			sourceTree = "<group>";
		};
		544910C42941749B00C5ACEB /* Feed Image Loader */ = {
			isa = PBXGroup;
			children = (
				544910C5294174B200C5ACEB /* FeedImageDataLoader.swift */,
			);
			path = "Feed Image Loader";
			sourceTree = "<group>";
		};
		5459682528F83C6900A1EA99 /* Feed API */ = {
			isa = PBXGroup;
			children = (
				540773CD28EDFF8D00A5B212 /* LoadFeedFromRemoteUseCaseTests.swift */,
				54E7F0FC28FB5BBF007D23F2 /* URLSessionHTTPClientTests.swift */,
			);
			path = "Feed API";
			sourceTree = "<group>";
		};
		54671F212924122700D0F417 /* FeedStoreSpecs */ = {
			isa = PBXGroup;
			children = (
				54671F1729240F3000D0F417 /* FeedStoreSpecs.swift */,
				54671F1929240FDD00D0F417 /* XCTestCase+FeedStoreSpecs.swift */,
				54671F1B2924113900D0F417 /* XCTestCase+FailableRetrieveFeedStoreSpecs.swift */,
				54671F1D2924118D00D0F417 /* XCTestCase+FailableInsertFeedStoreSpecs.swift */,
				54671F1F292411D400D0F417 /* XCTestCase+FailableDeleteFeedStoreSpecs.swift */,
			);
			path = FeedStoreSpecs;
			sourceTree = "<group>";
		};
		54671F332924487E00D0F417 /* Infrastructure */ = {
			isa = PBXGroup;
			children = (
				54671F372924490800D0F417 /* Codable */,
				54671F342924488800D0F417 /* CoreData */,
			);
			path = Infrastructure;
			sourceTree = "<group>";
		};
		54671F342924488800D0F417 /* CoreData */ = {
			isa = PBXGroup;
			children = (
				54671F382924495900D0F417 /* FeedStore.xcdatamodeld */,
				54671F2E2924413000D0F417 /* CoreDataFeedStore.swift */,
				54671F3B2924498E00D0F417 /* CoreDataHelpers.swift */,
				54671F3D292449EB00D0F417 /* ManagedCache.swift */,
				54671F3F29244A0800D0F417 /* ManagedFeedImage.swift */,
			);
			path = CoreData;
			sourceTree = "<group>";
		};
		54671F372924490800D0F417 /* Codable */ = {
			isa = PBXGroup;
			children = (
				54671F152922BE8100D0F417 /* CodableFeedStore.swift */,
			);
			path = Codable;
			sourceTree = "<group>";
		};
		547CCC8F29343DE600928C40 /* EssentialFeediOS */ = {
			isa = PBXGroup;
			children = (
				54C3EC58294A053300E8E211 /* Feed Presentation */,
				544910C42941749B00C5ACEB /* Feed Image Loader */,
				544910C22941742200C5ACEB /* Feed UI */,
			);
			path = EssentialFeediOS;
			sourceTree = "<group>";
		};
		547CCC9929343DE600928C40 /* EssentialFeediOSTests */ = {
			isa = PBXGroup;
			children = (
				54C3EC87294E559300E8E211 /* Feed Presentation */,
				544910C32941743B00C5ACEB /* Feed UI */,
			);
			path = EssentialFeediOSTests;
			sourceTree = "<group>";
		};
		54870B2C2914923B005127DD /* Feed Cache */ = {
			isa = PBXGroup;
			children = (
				54671F212924122700D0F417 /* FeedStoreSpecs */,
				54E66D42291A910E006F2F30 /* Helpers */,
				54870B2D2914924C005127DD /* CacheFeedUseCaseTests.swift */,
				54E66D40291A9058006F2F30 /* LoadFeedFromCacheUseCaseTests.swift */,
				54E66D69291DC9F1006F2F30 /* ValidateFeedCacheUseCaseTests.swift */,
				54671F222924362000D0F417 /* CoreDataFeedStoreTests.swift */,
			);
			path = "Feed Cache";
			sourceTree = "<group>";
		};
		548A8C992902250000543E8D /* Helpers */ = {
			isa = PBXGroup;
			children = (
				548A8C9A2902252600543E8D /* XCTestCase+MemoryLeakTracking.swift */,
				54E66D6D291DCED8006F2F30 /* SharedTestHelpers.swift */,
			);
			path = Helpers;
			sourceTree = "<group>";
		};
		548A8CA329035DB300543E8D /* EssentialFeedAPIEndToEndTests */ = {
			isa = PBXGroup;
			children = (
				548A8CA429035DB300543E8D /* EssentialFeedAPIEndToEndTests.swift */,
			);
			path = EssentialFeedAPIEndToEndTests;
			sourceTree = "<group>";
		};
		54A6531128EF637700532F34 /* Feed API */ = {
			isa = PBXGroup;
			children = (
				54A6531228EF63A000532F34 /* RemoteFeedLoader.swift */,
				5459682128F8360400A1EA99 /* HTTPClient.swift */,
				5459682328F8365B00A1EA99 /* FeedItemsMapper.swift */,
				548A8C9C290238A400543E8D /* URLSessionHTTPClient.swift */,
				54D294FE291A82DA00DE9480 /* RemoteFeedItem.swift */,
			);
			path = "Feed API";
			sourceTree = "<group>";
		};
		54B63B3B2918885E00BACF54 /* Feed Cache */ = {
			isa = PBXGroup;
			children = (
				54671F332924487E00D0F417 /* Infrastructure */,
				54B63B3C2918886A00BACF54 /* LocalFeedLoader.swift */,
				54671F112920745D00D0F417 /* FeedCachePolicy.swift */,
				54B63B3E291888E500BACF54 /* FeedStore.swift */,
				54D29500291A839400DE9480 /* LocalFeedImage.swift */,
			);
			path = "Feed Cache";
			sourceTree = "<group>";
		};
		54C3EC4B2947F0D300E8E211 /* Composers */ = {
			isa = PBXGroup;
			children = (
				54C3EC4C2947F0E900E8E211 /* FeedUIComposer.swift */,
			);
			path = Composers;
			sourceTree = "<group>";
		};
		54C3EC58294A053300E8E211 /* Feed Presentation */ = {
			isa = PBXGroup;
			children = (
				54C3EC59294A06C400E8E211 /* FeedPresenter.swift */,
				54C3EC5F294B556C00E8E211 /* FeedImagePresenter.swift */,
				54C3EC61294B569C00E8E211 /* FeedLoadingViewModel.swift */,
				54C3EC63294B56C000E8E211 /* FeedViewModel.swift */,
				5445F63A295B2A5200A85478 /* FeedErrorViewModel.swift */,
				54C3EC84294E543200E8E211 /* Feed.strings */,
			);
			path = "Feed Presentation";
			sourceTree = "<group>";
		};
		54C3EC87294E559300E8E211 /* Feed Presentation */ = {
			isa = PBXGroup;
			children = (
				54C3EC88294E55A600E8E211 /* FeedLocalizationTests.swift */,
			);
			path = "Feed Presentation";
			sourceTree = "<group>";
		};
		54E66D42291A910E006F2F30 /* Helpers */ = {
			isa = PBXGroup;
			children = (
				54E66D43291A9117006F2F30 /* FeedStoreSpy.swift */,
				54E66D6B291DCE34006F2F30 /* FeedCacheTestHelpers.swift */,
			);
			path = Helpers;
			sourceTree = "<group>";
		};
/* End PBXGroup section */

/* Begin PBXHeadersBuildPhase section */
		540773A828EDF3B400A5B212 /* Headers */ = {
			isa = PBXHeadersBuildPhase;
			buildActionMask = 2147483647;
			files = (
			);
			runOnlyForDeploymentPostprocessing = 0;
		};
		547CCC8929343DE600928C40 /* Headers */ = {
			isa = PBXHeadersBuildPhase;
			buildActionMask = 2147483647;
			files = (
			);
			runOnlyForDeploymentPostprocessing = 0;
		};
/* End PBXHeadersBuildPhase section */

/* Begin PBXNativeTarget section */
		540773AC28EDF3B400A5B212 /* EssentialFeed */ = {
			isa = PBXNativeTarget;
			buildConfigurationList = 540773B428EDF3B400A5B212 /* Build configuration list for PBXNativeTarget "EssentialFeed" */;
			buildPhases = (
				540773A828EDF3B400A5B212 /* Headers */,
				540773A928EDF3B400A5B212 /* Sources */,
				540773AA28EDF3B400A5B212 /* Frameworks */,
				540773AB28EDF3B400A5B212 /* Resources */,
			);
			buildRules = (
			);
			dependencies = (
			);
			name = EssentialFeed;
			productName = EssentialFeed;
			productReference = 540773AD28EDF3B400A5B212 /* EssentialFeed.framework */;
			productType = "com.apple.product-type.framework";
		};
		540773BF28EDF68700A5B212 /* EssentialFeedTests */ = {
			isa = PBXNativeTarget;
			buildConfigurationList = 540773C728EDF68700A5B212 /* Build configuration list for PBXNativeTarget "EssentialFeedTests" */;
			buildPhases = (
				540773BC28EDF68700A5B212 /* Sources */,
				540773BD28EDF68700A5B212 /* Frameworks */,
				540773BE28EDF68700A5B212 /* Resources */,
			);
			buildRules = (
			);
			dependencies = (
				540773C628EDF68700A5B212 /* PBXTargetDependency */,
			);
			name = EssentialFeedTests;
			productName = EssentialFeedTests;
			productReference = 540773C028EDF68700A5B212 /* EssentialFeedTests.xctest */;
			productType = "com.apple.product-type.bundle.unit-test";
		};
		541D306229293D3400A93550 /* EssentialFeedCacheIntegrationTests */ = {
			isa = PBXNativeTarget;
			buildConfigurationList = 541D306C29293D3500A93550 /* Build configuration list for PBXNativeTarget "EssentialFeedCacheIntegrationTests" */;
			buildPhases = (
				541D305F29293D3400A93550 /* Sources */,
				541D306029293D3400A93550 /* Frameworks */,
				541D306129293D3400A93550 /* Resources */,
			);
			buildRules = (
			);
			dependencies = (
				541D306929293D3500A93550 /* PBXTargetDependency */,
			);
			name = EssentialFeedCacheIntegrationTests;
			productName = EssentialFeedCacheIntegrationTests;
			productReference = 541D306329293D3400A93550 /* EssentialFeedCacheIntegrationTests.xctest */;
			productType = "com.apple.product-type.bundle.unit-test";
		};
		547CCC8D29343DE600928C40 /* EssentialFeediOS */ = {
			isa = PBXNativeTarget;
			buildConfigurationList = 547CCC9D29343DE600928C40 /* Build configuration list for PBXNativeTarget "EssentialFeediOS" */;
			buildPhases = (
				547CCC8929343DE600928C40 /* Headers */,
				547CCC8A29343DE600928C40 /* Sources */,
				547CCC8B29343DE600928C40 /* Frameworks */,
				547CCC8C29343DE600928C40 /* Resources */,
				5405FB6A293980A70090CFE8 /* Embed Frameworks */,
			);
			buildRules = (
			);
			dependencies = (
				5405FB69293980A70090CFE8 /* PBXTargetDependency */,
			);
			name = EssentialFeediOS;
			productName = EssentialFeediOS;
			productReference = 547CCC8E29343DE600928C40 /* EssentialFeediOS.framework */;
			productType = "com.apple.product-type.framework";
		};
		547CCC9429343DE600928C40 /* EssentialFeediOSTests */ = {
			isa = PBXNativeTarget;
			buildConfigurationList = 547CCCA029343DE600928C40 /* Build configuration list for PBXNativeTarget "EssentialFeediOSTests" */;
			buildPhases = (
				547CCC9129343DE600928C40 /* Sources */,
				547CCC9229343DE600928C40 /* Frameworks */,
				547CCC9329343DE600928C40 /* Resources */,
			);
			buildRules = (
			);
			dependencies = (
				547CCC9829343DE600928C40 /* PBXTargetDependency */,
			);
			name = EssentialFeediOSTests;
			productName = EssentialFeediOSTests;
			productReference = 547CCC9529343DE600928C40 /* EssentialFeediOSTests.xctest */;
			productType = "com.apple.product-type.bundle.unit-test";
		};
		548A8CA129035DB300543E8D /* EssentialFeedAPIEndToEndTests */ = {
			isa = PBXNativeTarget;
			buildConfigurationList = 548A8CA929035DB300543E8D /* Build configuration list for PBXNativeTarget "EssentialFeedAPIEndToEndTests" */;
			buildPhases = (
				548A8C9E29035DB300543E8D /* Sources */,
				548A8C9F29035DB300543E8D /* Frameworks */,
				548A8CA029035DB300543E8D /* Resources */,
			);
			buildRules = (
			);
			dependencies = (
				548A8CA829035DB300543E8D /* PBXTargetDependency */,
			);
			name = EssentialFeedAPIEndToEndTests;
			productName = EssentialFeedAPIEndToEndTests;
			productReference = 548A8CA229035DB300543E8D /* EssentialFeedAPIEndToEndTests.xctest */;
			productType = "com.apple.product-type.bundle.unit-test";
		};
/* End PBXNativeTarget section */

/* Begin PBXProject section */
		540773A428EDF3B400A5B212 /* Project object */ = {
			isa = PBXProject;
			attributes = {
				BuildIndependentTargetsInParallel = 1;
				LastSwiftUpdateCheck = 1400;
				LastUpgradeCheck = 1400;
				TargetAttributes = {
					540773AC28EDF3B400A5B212 = {
						CreatedOnToolsVersion = 13.4.1;
						LastSwiftMigration = 1340;
					};
					540773BF28EDF68700A5B212 = {
						CreatedOnToolsVersion = 13.4.1;
						LastSwiftMigration = 1340;
					};
					541D306229293D3400A93550 = {
						CreatedOnToolsVersion = 14.0.1;
					};
					547CCC8D29343DE600928C40 = {
						CreatedOnToolsVersion = 14.0.1;
						LastSwiftMigration = 1400;
					};
					547CCC9429343DE600928C40 = {
						CreatedOnToolsVersion = 14.0.1;
						LastSwiftMigration = 1400;
					};
					548A8CA129035DB300543E8D = {
						CreatedOnToolsVersion = 14.0.1;
					};
				};
			};
			buildConfigurationList = 540773A728EDF3B400A5B212 /* Build configuration list for PBXProject "EssentialFeed" */;
			compatibilityVersion = "Xcode 13.0";
			developmentRegion = en;
			hasScannedForEncodings = 0;
			knownRegions = (
				en,
				Base,
				"pt-BR",
				el,
			);
			mainGroup = 540773A328EDF3B400A5B212;
			productRefGroup = 540773AE28EDF3B400A5B212 /* Products */;
			projectDirPath = "";
			projectRoot = "";
			targets = (
				540773AC28EDF3B400A5B212 /* EssentialFeed */,
				540773BF28EDF68700A5B212 /* EssentialFeedTests */,
				548A8CA129035DB300543E8D /* EssentialFeedAPIEndToEndTests */,
				541D306229293D3400A93550 /* EssentialFeedCacheIntegrationTests */,
				547CCC8D29343DE600928C40 /* EssentialFeediOS */,
				547CCC9429343DE600928C40 /* EssentialFeediOSTests */,
			);
		};
/* End PBXProject section */

/* Begin PBXResourcesBuildPhase section */
		540773AB28EDF3B400A5B212 /* Resources */ = {
			isa = PBXResourcesBuildPhase;
			buildActionMask = 2147483647;
			files = (
				5445F64B295B693800A85478 /* Feed.strings in Resources */,
			);
			runOnlyForDeploymentPostprocessing = 0;
		};
		540773BE28EDF68700A5B212 /* Resources */ = {
			isa = PBXResourcesBuildPhase;
			buildActionMask = 2147483647;
			files = (
			);
			runOnlyForDeploymentPostprocessing = 0;
		};
		541D306129293D3400A93550 /* Resources */ = {
			isa = PBXResourcesBuildPhase;
			buildActionMask = 2147483647;
			files = (
			);
			runOnlyForDeploymentPostprocessing = 0;
		};
		547CCC8C29343DE600928C40 /* Resources */ = {
			isa = PBXResourcesBuildPhase;
			buildActionMask = 2147483647;
			files = (
				54C3EC82294E543200E8E211 /* Feed.strings in Resources */,
				54C3EC78294CB95100E8E211 /* Feed.xcassets in Resources */,
			);
			runOnlyForDeploymentPostprocessing = 0;
		};
		547CCC9329343DE600928C40 /* Resources */ = {
			isa = PBXResourcesBuildPhase;
			buildActionMask = 2147483647;
			files = (
			);
			runOnlyForDeploymentPostprocessing = 0;
		};
		548A8CA029035DB300543E8D /* Resources */ = {
			isa = PBXResourcesBuildPhase;
			buildActionMask = 2147483647;
			files = (
			);
			runOnlyForDeploymentPostprocessing = 0;
		};
/* End PBXResourcesBuildPhase section */

/* Begin PBXSourcesBuildPhase section */
		540773A928EDF3B400A5B212 /* Sources */ = {
			isa = PBXSourcesBuildPhase;
			buildActionMask = 2147483647;
			files = (
				5445F64D295B696B00A85478 /* FeedViewModel.swift in Sources */,
				54671F3C2924498E00D0F417 /* CoreDataHelpers.swift in Sources */,
				5459682428F8365B00A1EA99 /* FeedItemsMapper.swift in Sources */,
				5445F651295B69D800A85478 /* FeedErrorViewModel.swift in Sources */,
				540773BA28EDF47F00A5B212 /* FeedLoader.swift in Sources */,
				54D294FF291A82DA00DE9480 /* RemoteFeedItem.swift in Sources */,
				5445F64A295B687C00A85478 /* FeedPresenter.swift in Sources */,
				54671F122920745D00D0F417 /* FeedCachePolicy.swift in Sources */,
				5445F64F295B69B200A85478 /* FeedLoadingViewModel.swift in Sources */,
				54A6531328EF63A000532F34 /* RemoteFeedLoader.swift in Sources */,
				54671F3A2924495900D0F417 /* FeedStore.xcdatamodeld in Sources */,
				54671F2F2924413000D0F417 /* CoreDataFeedStore.swift in Sources */,
				54D29501291A839400DE9480 /* LocalFeedImage.swift in Sources */,
				54B63B3F291888E500BACF54 /* FeedStore.swift in Sources */,
				54B63B3D2918886A00BACF54 /* LocalFeedLoader.swift in Sources */,
				54671F162922BE8100D0F417 /* CodableFeedStore.swift in Sources */,
				5459682228F8360400A1EA99 /* HTTPClient.swift in Sources */,
				540773B828EDF3FC00A5B212 /* FeedItem.swift in Sources */,
				54671F3E292449EB00D0F417 /* ManagedCache.swift in Sources */,
				548A8C9D290238A400543E8D /* URLSessionHTTPClient.swift in Sources */,
				54671F4029244A0800D0F417 /* ManagedFeedImage.swift in Sources */,
			);
			runOnlyForDeploymentPostprocessing = 0;
		};
		540773BC28EDF68700A5B212 /* Sources */ = {
			isa = PBXSourcesBuildPhase;
			buildActionMask = 2147483647;
			files = (
				54E66D6C291DCE34006F2F30 /* FeedCacheTestHelpers.swift in Sources */,
				54E66D6A291DC9F1006F2F30 /* ValidateFeedCacheUseCaseTests.swift in Sources */,
				5445F640295B627100A85478 /* FeedPresenterTests.swift in Sources */,
				540773CE28EDFF8D00A5B212 /* LoadFeedFromRemoteUseCaseTests.swift in Sources */,
				54671F1E2924118D00D0F417 /* XCTestCase+FailableInsertFeedStoreSpecs.swift in Sources */,
				54E7F0FD28FB5BBF007D23F2 /* URLSessionHTTPClientTests.swift in Sources */,
				54E66D44291A9117006F2F30 /* FeedStoreSpy.swift in Sources */,
				54E66D6E291DCED8006F2F30 /* SharedTestHelpers.swift in Sources */,
				54870B2E2914924C005127DD /* CacheFeedUseCaseTests.swift in Sources */,
				54671F20292411D400D0F417 /* XCTestCase+FailableDeleteFeedStoreSpecs.swift in Sources */,
				54671F1C2924113900D0F417 /* XCTestCase+FailableRetrieveFeedStoreSpecs.swift in Sources */,
				54E66D41291A9058006F2F30 /* LoadFeedFromCacheUseCaseTests.swift in Sources */,
				54671F1829240F3000D0F417 /* FeedStoreSpecs.swift in Sources */,
				548A8C9B2902252600543E8D /* XCTestCase+MemoryLeakTracking.swift in Sources */,
				54671F232924362000D0F417 /* CoreDataFeedStoreTests.swift in Sources */,
				54671F1A29240FDD00D0F417 /* XCTestCase+FeedStoreSpecs.swift in Sources */,
			);
			runOnlyForDeploymentPostprocessing = 0;
		};
		541D305F29293D3400A93550 /* Sources */ = {
			isa = PBXSourcesBuildPhase;
			buildActionMask = 2147483647;
			files = (
				541D306F29293EE500A93550 /* SharedTestHelpers.swift in Sources */,
				541D306629293D3500A93550 /* EssentialFeedCacheIntegrationTests.swift in Sources */,
				541D306E29293ED300A93550 /* FeedCacheTestHelpers.swift in Sources */,
				541D306D29293E2900A93550 /* XCTestCase+MemoryLeakTracking.swift in Sources */,
			);
			runOnlyForDeploymentPostprocessing = 0;
		};
		547CCC8A29343DE600928C40 /* Sources */ = {
			isa = PBXSourcesBuildPhase;
			buildActionMask = 2147483647;
			files = (
				54C3EC5A294A06C400E8E211 /* FeedPresenter.swift in Sources */,
				544910C6294174B200C5ACEB /* FeedImageDataLoader.swift in Sources */,
				54C3EC7A294CBFA400E8E211 /* UITableView+Dequeueing.swift in Sources */,
				5405FB71293BD6230090CFE8 /* UIView+Shimmering.swift in Sources */,
				54C3EC60294B556C00E8E211 /* FeedImagePresenter.swift in Sources */,
				54C3EC64294B56C000E8E211 /* FeedViewModel.swift in Sources */,
				5445F63D295B342900A85478 /* UIRefreshControl+Helpers.swift in Sources */,
				5405FB6D29398BCB0090CFE8 /* FeedViewController.swift in Sources */,
				5405FB6F293AFB2D0090CFE8 /* FeedImageCell.swift in Sources */,
				54C3EC62294B569C00E8E211 /* FeedLoadingViewModel.swift in Sources */,
				544910CA2942572900C5ACEB /* FeedImageCellController.swift in Sources */,
				5445F636295A2EA100A85478 /* ErrorView.swift in Sources */,
				5445F63B295B2A5200A85478 /* FeedErrorViewModel.swift in Sources */,
				54C3EC4D2947F0E900E8E211 /* FeedUIComposer.swift in Sources */,
				54C3EC7C294CC0FC00E8E211 /* UIImageView+FadeInAnimation.swift in Sources */,
			);
			runOnlyForDeploymentPostprocessing = 0;
		};
		547CCC9129343DE600928C40 /* Sources */ = {
			isa = PBXSourcesBuildPhase;
			buildActionMask = 2147483647;
			files = (
				5405FB6429397DBB0090CFE8 /* FeedUIIntegrationTests.swift in Sources */,
				544910C12941737700C5ACEB /* FeedUIIntegrationTests+Assertions.swift in Sources */,
				544910B4294170AA00C5ACEB /* UIButton+TestHelpers.swift in Sources */,
				54C3EC89294E55A600E8E211 /* FeedLocalizationTests.swift in Sources */,
				544910B22941707100C5ACEB /* UIRefreshControl+TestHelpers.swift in Sources */,
				5445F634295A2C3400A85478 /* FeedUIIntegrationTests+Localization.swift in Sources */,
				544910B6294170F600C5ACEB /* UIControl+TestHelpers.swift in Sources */,
				544910BF294172F000C5ACEB /* FeedUIIntegrationTests+LoaderSpy.swift in Sources */,
				544910BB2941722400C5ACEB /* FeedViewController+TestHelpers.swift in Sources */,
				5405FB6B293981430090CFE8 /* XCTestCase+MemoryLeakTracking.swift in Sources */,
				544910B02941700300C5ACEB /* UIImage+TestHelpers.swift in Sources */,
				544910BD2941727600C5ACEB /* FeedImageCell+TestHelpers.swift in Sources */,
			);
			runOnlyForDeploymentPostprocessing = 0;
		};
		548A8C9E29035DB300543E8D /* Sources */ = {
			isa = PBXSourcesBuildPhase;
			buildActionMask = 2147483647;
			files = (
				548A8CA529035DB300543E8D /* EssentialFeedAPIEndToEndTests.swift in Sources */,
				5422B7FE290361B000C6D53A /* XCTestCase+MemoryLeakTracking.swift in Sources */,
			);
			runOnlyForDeploymentPostprocessing = 0;
		};
/* End PBXSourcesBuildPhase section */

/* Begin PBXTargetDependency section */
		5405FB69293980A70090CFE8 /* PBXTargetDependency */ = {
			isa = PBXTargetDependency;
			platformFilter = ios;
			target = 540773AC28EDF3B400A5B212 /* EssentialFeed */;
			targetProxy = 5405FB68293980A70090CFE8 /* PBXContainerItemProxy */;
		};
		540773C628EDF68700A5B212 /* PBXTargetDependency */ = {
			isa = PBXTargetDependency;
			target = 540773AC28EDF3B400A5B212 /* EssentialFeed */;
			targetProxy = 540773C528EDF68700A5B212 /* PBXContainerItemProxy */;
		};
		541D306929293D3500A93550 /* PBXTargetDependency */ = {
			isa = PBXTargetDependency;
			target = 540773AC28EDF3B400A5B212 /* EssentialFeed */;
			targetProxy = 541D306829293D3500A93550 /* PBXContainerItemProxy */;
		};
		547CCC9829343DE600928C40 /* PBXTargetDependency */ = {
			isa = PBXTargetDependency;
			target = 547CCC8D29343DE600928C40 /* EssentialFeediOS */;
			targetProxy = 547CCC9729343DE600928C40 /* PBXContainerItemProxy */;
		};
		548A8CA829035DB300543E8D /* PBXTargetDependency */ = {
			isa = PBXTargetDependency;
			target = 540773AC28EDF3B400A5B212 /* EssentialFeed */;
			targetProxy = 548A8CA729035DB300543E8D /* PBXContainerItemProxy */;
		};
/* End PBXTargetDependency section */

/* Begin PBXVariantGroup section */
		5445F645295B67AE00A85478 /* Feed.strings */ = {
			isa = PBXVariantGroup;
			children = (
				5445F644295B67AE00A85478 /* en */,
				5445F646295B67AF00A85478 /* el */,
				5445F647295B67B000A85478 /* pt-BR */,
			);
			name = Feed.strings;
			sourceTree = "<group>";
		};
		54C3EC84294E543200E8E211 /* Feed.strings */ = {
			isa = PBXVariantGroup;
			children = (
				54C3EC83294E543200E8E211 /* en */,
				54C3EC85294E545C00E8E211 /* pt-BR */,
				54C3EC86294E549B00E8E211 /* el */,
			);
			name = Feed.strings;
			sourceTree = "<group>";
		};
/* End PBXVariantGroup section */

/* Begin XCBuildConfiguration section */
		540773B228EDF3B400A5B212 /* Debug */ = {
			isa = XCBuildConfiguration;
			buildSettings = {
				ALWAYS_SEARCH_USER_PATHS = NO;
				CLANG_ANALYZER_LOCALIZABILITY_NONLOCALIZED = YES;
				CLANG_ANALYZER_NONNULL = YES;
				CLANG_ANALYZER_NUMBER_OBJECT_CONVERSION = YES_AGGRESSIVE;
				CLANG_CXX_LANGUAGE_STANDARD = "gnu++17";
				CLANG_ENABLE_MODULES = YES;
				CLANG_ENABLE_OBJC_ARC = YES;
				CLANG_ENABLE_OBJC_WEAK = YES;
				CLANG_WARN_BLOCK_CAPTURE_AUTORELEASING = YES;
				CLANG_WARN_BOOL_CONVERSION = YES;
				CLANG_WARN_COMMA = YES;
				CLANG_WARN_CONSTANT_CONVERSION = YES;
				CLANG_WARN_DEPRECATED_OBJC_IMPLEMENTATIONS = YES;
				CLANG_WARN_DIRECT_OBJC_ISA_USAGE = YES_ERROR;
				CLANG_WARN_DOCUMENTATION_COMMENTS = YES;
				CLANG_WARN_EMPTY_BODY = YES;
				CLANG_WARN_ENUM_CONVERSION = YES;
				CLANG_WARN_INFINITE_RECURSION = YES;
				CLANG_WARN_INT_CONVERSION = YES;
				CLANG_WARN_NON_LITERAL_NULL_CONVERSION = YES;
				CLANG_WARN_OBJC_IMPLICIT_RETAIN_SELF = YES;
				CLANG_WARN_OBJC_LITERAL_CONVERSION = YES;
				CLANG_WARN_OBJC_ROOT_CLASS = YES_ERROR;
				CLANG_WARN_QUOTED_INCLUDE_IN_FRAMEWORK_HEADER = YES;
				CLANG_WARN_RANGE_LOOP_ANALYSIS = YES;
				CLANG_WARN_STRICT_PROTOTYPES = YES;
				CLANG_WARN_SUSPICIOUS_MOVE = YES;
				CLANG_WARN_UNGUARDED_AVAILABILITY = YES_AGGRESSIVE;
				CLANG_WARN_UNREACHABLE_CODE = YES;
				CLANG_WARN__DUPLICATE_METHOD_MATCH = YES;
				COPY_PHASE_STRIP = NO;
				CURRENT_PROJECT_VERSION = 1;
				DEAD_CODE_STRIPPING = YES;
				DEBUG_INFORMATION_FORMAT = dwarf;
				ENABLE_STRICT_OBJC_MSGSEND = YES;
				ENABLE_TESTABILITY = YES;
				GCC_C_LANGUAGE_STANDARD = gnu11;
				GCC_DYNAMIC_NO_PIC = NO;
				GCC_NO_COMMON_BLOCKS = YES;
				GCC_OPTIMIZATION_LEVEL = 0;
				GCC_PREPROCESSOR_DEFINITIONS = (
					"DEBUG=1",
					"$(inherited)",
				);
				GCC_WARN_64_TO_32_BIT_CONVERSION = YES;
				GCC_WARN_ABOUT_RETURN_TYPE = YES_ERROR;
				GCC_WARN_UNDECLARED_SELECTOR = YES;
				GCC_WARN_UNINITIALIZED_AUTOS = YES_AGGRESSIVE;
				GCC_WARN_UNUSED_FUNCTION = YES;
				GCC_WARN_UNUSED_VARIABLE = YES;
				MACOSX_DEPLOYMENT_TARGET = 12.3;
				MTL_ENABLE_DEBUG_INFO = INCLUDE_SOURCE;
				MTL_FAST_MATH = YES;
				ONLY_ACTIVE_ARCH = YES;
				SDKROOT = macosx;
				SWIFT_ACTIVE_COMPILATION_CONDITIONS = DEBUG;
				SWIFT_OPTIMIZATION_LEVEL = "-Onone";
				VERSIONING_SYSTEM = "apple-generic";
				VERSION_INFO_PREFIX = "";
			};
			name = Debug;
		};
		540773B328EDF3B400A5B212 /* Release */ = {
			isa = XCBuildConfiguration;
			buildSettings = {
				ALWAYS_SEARCH_USER_PATHS = NO;
				CLANG_ANALYZER_LOCALIZABILITY_NONLOCALIZED = YES;
				CLANG_ANALYZER_NONNULL = YES;
				CLANG_ANALYZER_NUMBER_OBJECT_CONVERSION = YES_AGGRESSIVE;
				CLANG_CXX_LANGUAGE_STANDARD = "gnu++17";
				CLANG_ENABLE_MODULES = YES;
				CLANG_ENABLE_OBJC_ARC = YES;
				CLANG_ENABLE_OBJC_WEAK = YES;
				CLANG_WARN_BLOCK_CAPTURE_AUTORELEASING = YES;
				CLANG_WARN_BOOL_CONVERSION = YES;
				CLANG_WARN_COMMA = YES;
				CLANG_WARN_CONSTANT_CONVERSION = YES;
				CLANG_WARN_DEPRECATED_OBJC_IMPLEMENTATIONS = YES;
				CLANG_WARN_DIRECT_OBJC_ISA_USAGE = YES_ERROR;
				CLANG_WARN_DOCUMENTATION_COMMENTS = YES;
				CLANG_WARN_EMPTY_BODY = YES;
				CLANG_WARN_ENUM_CONVERSION = YES;
				CLANG_WARN_INFINITE_RECURSION = YES;
				CLANG_WARN_INT_CONVERSION = YES;
				CLANG_WARN_NON_LITERAL_NULL_CONVERSION = YES;
				CLANG_WARN_OBJC_IMPLICIT_RETAIN_SELF = YES;
				CLANG_WARN_OBJC_LITERAL_CONVERSION = YES;
				CLANG_WARN_OBJC_ROOT_CLASS = YES_ERROR;
				CLANG_WARN_QUOTED_INCLUDE_IN_FRAMEWORK_HEADER = YES;
				CLANG_WARN_RANGE_LOOP_ANALYSIS = YES;
				CLANG_WARN_STRICT_PROTOTYPES = YES;
				CLANG_WARN_SUSPICIOUS_MOVE = YES;
				CLANG_WARN_UNGUARDED_AVAILABILITY = YES_AGGRESSIVE;
				CLANG_WARN_UNREACHABLE_CODE = YES;
				CLANG_WARN__DUPLICATE_METHOD_MATCH = YES;
				COPY_PHASE_STRIP = NO;
				CURRENT_PROJECT_VERSION = 1;
				DEAD_CODE_STRIPPING = YES;
				DEBUG_INFORMATION_FORMAT = "dwarf-with-dsym";
				ENABLE_NS_ASSERTIONS = NO;
				ENABLE_STRICT_OBJC_MSGSEND = YES;
				GCC_C_LANGUAGE_STANDARD = gnu11;
				GCC_NO_COMMON_BLOCKS = YES;
				GCC_WARN_64_TO_32_BIT_CONVERSION = YES;
				GCC_WARN_ABOUT_RETURN_TYPE = YES_ERROR;
				GCC_WARN_UNDECLARED_SELECTOR = YES;
				GCC_WARN_UNINITIALIZED_AUTOS = YES_AGGRESSIVE;
				GCC_WARN_UNUSED_FUNCTION = YES;
				GCC_WARN_UNUSED_VARIABLE = YES;
				MACOSX_DEPLOYMENT_TARGET = 12.3;
				MTL_ENABLE_DEBUG_INFO = NO;
				MTL_FAST_MATH = YES;
				SDKROOT = macosx;
				SWIFT_COMPILATION_MODE = wholemodule;
				SWIFT_OPTIMIZATION_LEVEL = "-O";
				VERSIONING_SYSTEM = "apple-generic";
				VERSION_INFO_PREFIX = "";
			};
			name = Release;
		};
		540773B528EDF3B400A5B212 /* Debug */ = {
			isa = XCBuildConfiguration;
			buildSettings = {
				CLANG_ENABLE_MODULES = YES;
				CODE_SIGN_STYLE = Automatic;
				COMBINE_HIDPI_IMAGES = YES;
				CURRENT_PROJECT_VERSION = 1;
				DEAD_CODE_STRIPPING = YES;
				DEFINES_MODULE = YES;
				DEVELOPMENT_TEAM = VJ9FQ76YK4;
				DYLIB_COMPATIBILITY_VERSION = 1;
				DYLIB_CURRENT_VERSION = 1;
				DYLIB_INSTALL_NAME_BASE = "@rpath";
				GENERATE_INFOPLIST_FILE = YES;
				INFOPLIST_KEY_NSHumanReadableCopyright = "";
				INSTALL_PATH = "$(LOCAL_LIBRARY_DIR)/Frameworks";
				LD_RUNPATH_SEARCH_PATHS = (
					"$(inherited)",
					"@executable_path/../Frameworks",
					"@loader_path/Frameworks",
				);
				MARKETING_VERSION = 1.0;
				PRODUCT_BUNDLE_IDENTIFIER = nadin.EssentialFeed;
				PRODUCT_NAME = "$(TARGET_NAME:c99extidentifier)";
				SKIP_INSTALL = YES;
				SUPPORTED_PLATFORMS = "macosx iphoneos iphonesimulator";
				SWIFT_EMIT_LOC_STRINGS = YES;
				SWIFT_OPTIMIZATION_LEVEL = "-Onone";
				SWIFT_VERSION = 5.0;
			};
			name = Debug;
		};
		540773B628EDF3B400A5B212 /* Release */ = {
			isa = XCBuildConfiguration;
			buildSettings = {
				CLANG_ENABLE_MODULES = YES;
				CODE_SIGN_STYLE = Automatic;
				COMBINE_HIDPI_IMAGES = YES;
				CURRENT_PROJECT_VERSION = 1;
				DEAD_CODE_STRIPPING = YES;
				DEFINES_MODULE = YES;
				DEVELOPMENT_TEAM = VJ9FQ76YK4;
				DYLIB_COMPATIBILITY_VERSION = 1;
				DYLIB_CURRENT_VERSION = 1;
				DYLIB_INSTALL_NAME_BASE = "@rpath";
				GENERATE_INFOPLIST_FILE = YES;
				INFOPLIST_KEY_NSHumanReadableCopyright = "";
				INSTALL_PATH = "$(LOCAL_LIBRARY_DIR)/Frameworks";
				LD_RUNPATH_SEARCH_PATHS = (
					"$(inherited)",
					"@executable_path/../Frameworks",
					"@loader_path/Frameworks",
				);
				MARKETING_VERSION = 1.0;
				PRODUCT_BUNDLE_IDENTIFIER = nadin.EssentialFeed;
				PRODUCT_NAME = "$(TARGET_NAME:c99extidentifier)";
				SKIP_INSTALL = YES;
				SUPPORTED_PLATFORMS = "macosx iphoneos iphonesimulator";
				SWIFT_EMIT_LOC_STRINGS = YES;
				SWIFT_VERSION = 5.0;
			};
			name = Release;
		};
		540773C828EDF68700A5B212 /* Debug */ = {
			isa = XCBuildConfiguration;
			buildSettings = {
				CLANG_ENABLE_MODULES = YES;
				CODE_SIGN_STYLE = Automatic;
				CURRENT_PROJECT_VERSION = 1;
				DEAD_CODE_STRIPPING = YES;
				DEVELOPMENT_TEAM = VJ9FQ76YK4;
				GENERATE_INFOPLIST_FILE = YES;
				LD_RUNPATH_SEARCH_PATHS = (
					"$(inherited)",
					"@executable_path/../Frameworks",
					"@loader_path/../Frameworks",
				);
				MARKETING_VERSION = 1.0;
				PRODUCT_BUNDLE_IDENTIFIER = nadin.EssentialFeedTests;
				PRODUCT_NAME = "$(TARGET_NAME)";
				SUPPORTED_PLATFORMS = "macosx iphoneos iphonesimulator";
				SWIFT_EMIT_LOC_STRINGS = NO;
				SWIFT_OPTIMIZATION_LEVEL = "-Onone";
				SWIFT_VERSION = 5.0;
			};
			name = Debug;
		};
		540773C928EDF68700A5B212 /* Release */ = {
			isa = XCBuildConfiguration;
			buildSettings = {
				CLANG_ENABLE_MODULES = YES;
				CODE_SIGN_STYLE = Automatic;
				CURRENT_PROJECT_VERSION = 1;
				DEAD_CODE_STRIPPING = YES;
				DEVELOPMENT_TEAM = VJ9FQ76YK4;
				GENERATE_INFOPLIST_FILE = YES;
				LD_RUNPATH_SEARCH_PATHS = (
					"$(inherited)",
					"@executable_path/../Frameworks",
					"@loader_path/../Frameworks",
				);
				MARKETING_VERSION = 1.0;
				PRODUCT_BUNDLE_IDENTIFIER = nadin.EssentialFeedTests;
				PRODUCT_NAME = "$(TARGET_NAME)";
				SUPPORTED_PLATFORMS = "macosx iphoneos iphonesimulator";
				SWIFT_EMIT_LOC_STRINGS = NO;
				SWIFT_VERSION = 5.0;
			};
			name = Release;
		};
		541D306A29293D3500A93550 /* Debug */ = {
			isa = XCBuildConfiguration;
			buildSettings = {
				CLANG_CXX_LANGUAGE_STANDARD = "gnu++20";
				CODE_SIGN_STYLE = Automatic;
				CURRENT_PROJECT_VERSION = 1;
				DEAD_CODE_STRIPPING = YES;
				DEVELOPMENT_TEAM = VJ9FQ76YK4;
				GENERATE_INFOPLIST_FILE = YES;
				MARKETING_VERSION = 1.0;
				PRODUCT_BUNDLE_IDENTIFIER = nadin.EssentialFeedCacheIntegrationTests;
				PRODUCT_NAME = "$(TARGET_NAME)";
				SUPPORTED_PLATFORMS = "macosx iphoneos iphonesimulator";
				SWIFT_EMIT_LOC_STRINGS = NO;
				SWIFT_VERSION = 5.0;
			};
			name = Debug;
		};
		541D306B29293D3500A93550 /* Release */ = {
			isa = XCBuildConfiguration;
			buildSettings = {
				CLANG_CXX_LANGUAGE_STANDARD = "gnu++20";
				CODE_SIGN_STYLE = Automatic;
				CURRENT_PROJECT_VERSION = 1;
				DEAD_CODE_STRIPPING = YES;
				DEVELOPMENT_TEAM = VJ9FQ76YK4;
				GENERATE_INFOPLIST_FILE = YES;
				MARKETING_VERSION = 1.0;
				PRODUCT_BUNDLE_IDENTIFIER = nadin.EssentialFeedCacheIntegrationTests;
				PRODUCT_NAME = "$(TARGET_NAME)";
				SUPPORTED_PLATFORMS = "macosx iphoneos iphonesimulator";
				SWIFT_EMIT_LOC_STRINGS = NO;
				SWIFT_VERSION = 5.0;
			};
			name = Release;
		};
		547CCC9E29343DE600928C40 /* Debug */ = {
			isa = XCBuildConfiguration;
			buildSettings = {
				CLANG_CXX_LANGUAGE_STANDARD = "gnu++20";
				CLANG_ENABLE_MODULES = YES;
				CODE_SIGN_STYLE = Automatic;
				CURRENT_PROJECT_VERSION = 1;
				DEFINES_MODULE = YES;
				DEVELOPMENT_TEAM = VJ9FQ76YK4;
				DYLIB_COMPATIBILITY_VERSION = 1;
				DYLIB_CURRENT_VERSION = 1;
				DYLIB_INSTALL_NAME_BASE = "@rpath";
				GENERATE_INFOPLIST_FILE = YES;
				INFOPLIST_KEY_NSHumanReadableCopyright = "";
				INSTALL_PATH = "$(LOCAL_LIBRARY_DIR)/Frameworks";
				IPHONEOS_DEPLOYMENT_TARGET = 16.0;
				LD_RUNPATH_SEARCH_PATHS = (
					"$(inherited)",
					"@executable_path/Frameworks",
					"@loader_path/Frameworks",
				);
				MARKETING_VERSION = 1.0;
				PRODUCT_BUNDLE_IDENTIFIER = nadin.EssentialFeediOS;
				PRODUCT_NAME = "$(TARGET_NAME:c99extidentifier)";
				SDKROOT = iphoneos;
				SKIP_INSTALL = YES;
				SWIFT_EMIT_LOC_STRINGS = YES;
				SWIFT_OPTIMIZATION_LEVEL = "-Onone";
				SWIFT_VERSION = 5.0;
				TARGETED_DEVICE_FAMILY = "1,2";
			};
			name = Debug;
		};
		547CCC9F29343DE600928C40 /* Release */ = {
			isa = XCBuildConfiguration;
			buildSettings = {
				CLANG_CXX_LANGUAGE_STANDARD = "gnu++20";
				CLANG_ENABLE_MODULES = YES;
				CODE_SIGN_STYLE = Automatic;
				CURRENT_PROJECT_VERSION = 1;
				DEFINES_MODULE = YES;
				DEVELOPMENT_TEAM = VJ9FQ76YK4;
				DYLIB_COMPATIBILITY_VERSION = 1;
				DYLIB_CURRENT_VERSION = 1;
				DYLIB_INSTALL_NAME_BASE = "@rpath";
				GENERATE_INFOPLIST_FILE = YES;
				INFOPLIST_KEY_NSHumanReadableCopyright = "";
				INSTALL_PATH = "$(LOCAL_LIBRARY_DIR)/Frameworks";
				IPHONEOS_DEPLOYMENT_TARGET = 16.0;
				LD_RUNPATH_SEARCH_PATHS = (
					"$(inherited)",
					"@executable_path/Frameworks",
					"@loader_path/Frameworks",
				);
				MARKETING_VERSION = 1.0;
				PRODUCT_BUNDLE_IDENTIFIER = nadin.EssentialFeediOS;
				PRODUCT_NAME = "$(TARGET_NAME:c99extidentifier)";
				SDKROOT = iphoneos;
				SKIP_INSTALL = YES;
				SWIFT_EMIT_LOC_STRINGS = YES;
				SWIFT_VERSION = 5.0;
				TARGETED_DEVICE_FAMILY = "1,2";
				VALIDATE_PRODUCT = YES;
			};
			name = Release;
		};
		547CCCA129343DE600928C40 /* Debug */ = {
			isa = XCBuildConfiguration;
			buildSettings = {
				ALWAYS_EMBED_SWIFT_STANDARD_LIBRARIES = YES;
				CLANG_CXX_LANGUAGE_STANDARD = "gnu++20";
				CLANG_ENABLE_MODULES = YES;
				CODE_SIGN_STYLE = Automatic;
				CURRENT_PROJECT_VERSION = 1;
				DEVELOPMENT_TEAM = VJ9FQ76YK4;
				GENERATE_INFOPLIST_FILE = YES;
				IPHONEOS_DEPLOYMENT_TARGET = 16.0;
				LD_RUNPATH_SEARCH_PATHS = (
					"$(inherited)",
					"@executable_path/Frameworks",
					"@loader_path/Frameworks",
				);
				MARKETING_VERSION = 1.0;
				PRODUCT_BUNDLE_IDENTIFIER = nadin.EssentialFeediOSTests;
				PRODUCT_NAME = "$(TARGET_NAME)";
				SDKROOT = iphoneos;
				SWIFT_EMIT_LOC_STRINGS = NO;
				SWIFT_OPTIMIZATION_LEVEL = "-Onone";
				SWIFT_VERSION = 5.0;
				TARGETED_DEVICE_FAMILY = "1,2";
			};
			name = Debug;
		};
		547CCCA229343DE600928C40 /* Release */ = {
			isa = XCBuildConfiguration;
			buildSettings = {
				ALWAYS_EMBED_SWIFT_STANDARD_LIBRARIES = YES;
				CLANG_CXX_LANGUAGE_STANDARD = "gnu++20";
				CLANG_ENABLE_MODULES = YES;
				CODE_SIGN_STYLE = Automatic;
				CURRENT_PROJECT_VERSION = 1;
				DEVELOPMENT_TEAM = VJ9FQ76YK4;
				GENERATE_INFOPLIST_FILE = YES;
				IPHONEOS_DEPLOYMENT_TARGET = 16.0;
				LD_RUNPATH_SEARCH_PATHS = (
					"$(inherited)",
					"@executable_path/Frameworks",
					"@loader_path/Frameworks",
				);
				MARKETING_VERSION = 1.0;
				PRODUCT_BUNDLE_IDENTIFIER = nadin.EssentialFeediOSTests;
				PRODUCT_NAME = "$(TARGET_NAME)";
				SDKROOT = iphoneos;
				SWIFT_EMIT_LOC_STRINGS = NO;
				SWIFT_VERSION = 5.0;
				TARGETED_DEVICE_FAMILY = "1,2";
				VALIDATE_PRODUCT = YES;
			};
			name = Release;
		};
		548A8CAA29035DB300543E8D /* Debug */ = {
			isa = XCBuildConfiguration;
			buildSettings = {
				CLANG_CXX_LANGUAGE_STANDARD = "gnu++20";
				CODE_SIGN_STYLE = Automatic;
				CURRENT_PROJECT_VERSION = 1;
				DEAD_CODE_STRIPPING = YES;
				DEVELOPMENT_TEAM = VJ9FQ76YK4;
				GENERATE_INFOPLIST_FILE = YES;
				MARKETING_VERSION = 1.0;
				PRODUCT_BUNDLE_IDENTIFIER = nadin.EssentialFeedAPIEndToEndTests;
				PRODUCT_NAME = "$(TARGET_NAME)";
				SUPPORTED_PLATFORMS = "macosx iphoneos iphonesimulator";
				SWIFT_EMIT_LOC_STRINGS = NO;
				SWIFT_VERSION = 5.0;
			};
			name = Debug;
		};
		548A8CAB29035DB300543E8D /* Release */ = {
			isa = XCBuildConfiguration;
			buildSettings = {
				CLANG_CXX_LANGUAGE_STANDARD = "gnu++20";
				CODE_SIGN_STYLE = Automatic;
				CURRENT_PROJECT_VERSION = 1;
				DEAD_CODE_STRIPPING = YES;
				DEVELOPMENT_TEAM = VJ9FQ76YK4;
				GENERATE_INFOPLIST_FILE = YES;
				MARKETING_VERSION = 1.0;
				PRODUCT_BUNDLE_IDENTIFIER = nadin.EssentialFeedAPIEndToEndTests;
				PRODUCT_NAME = "$(TARGET_NAME)";
				SUPPORTED_PLATFORMS = "macosx iphoneos iphonesimulator";
				SWIFT_EMIT_LOC_STRINGS = NO;
				SWIFT_VERSION = 5.0;
			};
			name = Release;
		};
/* End XCBuildConfiguration section */

/* Begin XCConfigurationList section */
		540773A728EDF3B400A5B212 /* Build configuration list for PBXProject "EssentialFeed" */ = {
			isa = XCConfigurationList;
			buildConfigurations = (
				540773B228EDF3B400A5B212 /* Debug */,
				540773B328EDF3B400A5B212 /* Release */,
			);
			defaultConfigurationIsVisible = 0;
			defaultConfigurationName = Release;
		};
		540773B428EDF3B400A5B212 /* Build configuration list for PBXNativeTarget "EssentialFeed" */ = {
			isa = XCConfigurationList;
			buildConfigurations = (
				540773B528EDF3B400A5B212 /* Debug */,
				540773B628EDF3B400A5B212 /* Release */,
			);
			defaultConfigurationIsVisible = 0;
			defaultConfigurationName = Release;
		};
		540773C728EDF68700A5B212 /* Build configuration list for PBXNativeTarget "EssentialFeedTests" */ = {
			isa = XCConfigurationList;
			buildConfigurations = (
				540773C828EDF68700A5B212 /* Debug */,
				540773C928EDF68700A5B212 /* Release */,
			);
			defaultConfigurationIsVisible = 0;
			defaultConfigurationName = Release;
		};
		541D306C29293D3500A93550 /* Build configuration list for PBXNativeTarget "EssentialFeedCacheIntegrationTests" */ = {
			isa = XCConfigurationList;
			buildConfigurations = (
				541D306A29293D3500A93550 /* Debug */,
				541D306B29293D3500A93550 /* Release */,
			);
			defaultConfigurationIsVisible = 0;
			defaultConfigurationName = Release;
		};
		547CCC9D29343DE600928C40 /* Build configuration list for PBXNativeTarget "EssentialFeediOS" */ = {
			isa = XCConfigurationList;
			buildConfigurations = (
				547CCC9E29343DE600928C40 /* Debug */,
				547CCC9F29343DE600928C40 /* Release */,
			);
			defaultConfigurationIsVisible = 0;
			defaultConfigurationName = Release;
		};
		547CCCA029343DE600928C40 /* Build configuration list for PBXNativeTarget "EssentialFeediOSTests" */ = {
			isa = XCConfigurationList;
			buildConfigurations = (
				547CCCA129343DE600928C40 /* Debug */,
				547CCCA229343DE600928C40 /* Release */,
			);
			defaultConfigurationIsVisible = 0;
			defaultConfigurationName = Release;
		};
		548A8CA929035DB300543E8D /* Build configuration list for PBXNativeTarget "EssentialFeedAPIEndToEndTests" */ = {
			isa = XCConfigurationList;
			buildConfigurations = (
				548A8CAA29035DB300543E8D /* Debug */,
				548A8CAB29035DB300543E8D /* Release */,
			);
			defaultConfigurationIsVisible = 0;
			defaultConfigurationName = Release;
		};
/* End XCConfigurationList section */

/* Begin XCVersionGroup section */
		54671F382924495900D0F417 /* FeedStore.xcdatamodeld */ = {
			isa = XCVersionGroup;
			children = (
				54671F392924495900D0F417 /* FeedStore.xcdatamodel */,
			);
			currentVersion = 54671F392924495900D0F417 /* FeedStore.xcdatamodel */;
			path = FeedStore.xcdatamodeld;
			sourceTree = "<group>";
			versionGroupType = wrapper.xcdatamodel;
		};
/* End XCVersionGroup section */
	};
	rootObject = 540773A428EDF3B400A5B212 /* Project object */;
}
