// !$*UTF8*$!
{
	archiveVersion = 1;
	classes = {
	};
	objectVersion = 56;
	objects = {

/* Begin PBXBuildFile section */
		546016A729A3FFA40006B396 /* XCTestCase+MemoryLeakTracking.swift in Sources */ = {isa = PBXBuildFile; fileRef = 546016A629A3FFA40006B396 /* XCTestCase+MemoryLeakTracking.swift */; };
		546016A929A3FFDB0006B396 /* SharedTestHelpers.swift in Sources */ = {isa = PBXBuildFile; fileRef = 546016A829A3FFDB0006B396 /* SharedTestHelpers.swift */; };
		548E9BDF29A57C5E0059367D /* SceneDelegateTests.swift in Sources */ = {isa = PBXBuildFile; fileRef = 548E9BDE29A57C5E0059367D /* SceneDelegateTests.swift */; };
		54CCD65529672D5900A5E532 /* AppDelegate.swift in Sources */ = {isa = PBXBuildFile; fileRef = 54CCD65429672D5900A5E532 /* AppDelegate.swift */; };
		54CCD65729672D5900A5E532 /* SceneDelegate.swift in Sources */ = {isa = PBXBuildFile; fileRef = 54CCD65629672D5900A5E532 /* SceneDelegate.swift */; };
		54CCD65E29672D5D00A5E532 /* Assets.xcassets in Resources */ = {isa = PBXBuildFile; fileRef = 54CCD65D29672D5D00A5E532 /* Assets.xcassets */; };
		54CCD66129672D5D00A5E532 /* LaunchScreen.storyboard in Resources */ = {isa = PBXBuildFile; fileRef = 54CCD65F29672D5D00A5E532 /* LaunchScreen.storyboard */; };
		54CCD66B29672E6500A5E532 /* EssentialFeed.framework in Frameworks */ = {isa = PBXBuildFile; fileRef = 54CCD66929672E6500A5E532 /* EssentialFeed.framework */; };
		54CCD66C29672E6500A5E532 /* EssentialFeed.framework in Embed Frameworks */ = {isa = PBXBuildFile; fileRef = 54CCD66929672E6500A5E532 /* EssentialFeed.framework */; settings = {ATTRIBUTES = (CodeSignOnCopy, RemoveHeadersOnCopy, ); }; };
		54CCD66D29672E6500A5E532 /* EssentialFeediOS.framework in Frameworks */ = {isa = PBXBuildFile; fileRef = 54CCD66A29672E6500A5E532 /* EssentialFeediOS.framework */; };
		54CCD66E29672E6500A5E532 /* EssentialFeediOS.framework in Embed Frameworks */ = {isa = PBXBuildFile; fileRef = 54CCD66A29672E6500A5E532 /* EssentialFeediOS.framework */; settings = {ATTRIBUTES = (CodeSignOnCopy, RemoveHeadersOnCopy, ); }; };
		54D928A729A57ECA008F23D4 /* FeedImageDataLoaderPresentationAdapter.swift in Sources */ = {isa = PBXBuildFile; fileRef = 54D928A429A57ECA008F23D4 /* FeedImageDataLoaderPresentationAdapter.swift */; };
		54D928A829A57ECA008F23D4 /* FeedLoaderPresentationAdapter.swift in Sources */ = {isa = PBXBuildFile; fileRef = 54D928A129A57ECA008F23D4 /* FeedLoaderPresentationAdapter.swift */; };
		54D928AA29A57ECA008F23D4 /* FeedUIComposer.swift in Sources */ = {isa = PBXBuildFile; fileRef = 54D928A229A57ECA008F23D4 /* FeedUIComposer.swift */; };
		54D928AB29A57ECA008F23D4 /* WeakRefVirtualProxy.swift in Sources */ = {isa = PBXBuildFile; fileRef = 54D928A329A57ECA008F23D4 /* WeakRefVirtualProxy.swift */; };
		54D928AC29A57ECA008F23D4 /* FeedViewAdapter.swift in Sources */ = {isa = PBXBuildFile; fileRef = 54D928A629A57ECA008F23D4 /* FeedViewAdapter.swift */; };
		54D928B629A57EED008F23D4 /* FeedImageCell+TestHelpers.swift in Sources */ = {isa = PBXBuildFile; fileRef = 54D928B129A57EEC008F23D4 /* FeedImageCell+TestHelpers.swift */; };
		54D928B729A57EED008F23D4 /* FeedUIIntegrationTests+LoaderSpy.swift in Sources */ = {isa = PBXBuildFile; fileRef = 54D928B529A57EEC008F23D4 /* FeedUIIntegrationTests+LoaderSpy.swift */; };
		54D928B829A57EED008F23D4 /* UIImage+TestHelpers.swift in Sources */ = {isa = PBXBuildFile; fileRef = 54D928B229A57EEC008F23D4 /* UIImage+TestHelpers.swift */; };
		54D928B929A57EED008F23D4 /* FeedViewController+TestHelpers.swift in Sources */ = {isa = PBXBuildFile; fileRef = 54D928AD29A57EEC008F23D4 /* FeedViewController+TestHelpers.swift */; };
		54D928BA29A57EED008F23D4 /* UIControl+TestHelpers.swift in Sources */ = {isa = PBXBuildFile; fileRef = 54D928AE29A57EEC008F23D4 /* UIControl+TestHelpers.swift */; };
		54D928BB29A57EED008F23D4 /* UIRefreshControl+TestHelpers.swift in Sources */ = {isa = PBXBuildFile; fileRef = 54D928B329A57EEC008F23D4 /* UIRefreshControl+TestHelpers.swift */; };
		54D928BC29A57EED008F23D4 /* FeedUIIntegrationTests+Assertions.swift in Sources */ = {isa = PBXBuildFile; fileRef = 54D928AF29A57EEC008F23D4 /* FeedUIIntegrationTests+Assertions.swift */; };
		54D928BD29A57EED008F23D4 /* FeedUIIntegrationTests+Localization.swift in Sources */ = {isa = PBXBuildFile; fileRef = 54D928B029A57EEC008F23D4 /* FeedUIIntegrationTests+Localization.swift */; };
		54D928BE29A57EED008F23D4 /* UIButton+TestHelpers.swift in Sources */ = {isa = PBXBuildFile; fileRef = 54D928B429A57EEC008F23D4 /* UIButton+TestHelpers.swift */; };
		54D928C029A57F06008F23D4 /* FeedUIIntegrationTests.swift in Sources */ = {isa = PBXBuildFile; fileRef = 54D928BF29A57F06008F23D4 /* FeedUIIntegrationTests.swift */; };
		54D928C229A581E4008F23D4 /* FeedAcceptanceTests.swift in Sources */ = {isa = PBXBuildFile; fileRef = 54D928C129A581E4008F23D4 /* FeedAcceptanceTests.swift */; };
		54D928C429A5859D008F23D4 /* HTTPClientStub.swift in Sources */ = {isa = PBXBuildFile; fileRef = 54D928C329A5859D008F23D4 /* HTTPClientStub.swift */; };
		54D928C629A585DC008F23D4 /* InMemoryFeedStore.swift in Sources */ = {isa = PBXBuildFile; fileRef = 54D928C529A585DC008F23D4 /* InMemoryFeedStore.swift */; };
		D558A7A22A242A100050E394 /* UIView+TestHelpers.swift in Sources */ = {isa = PBXBuildFile; fileRef = D558A7A12A242A100050E394 /* UIView+TestHelpers.swift */; };
/* End PBXBuildFile section */

/* Begin PBXContainerItemProxy section */
		5460169829A3EB650006B396 /* PBXContainerItemProxy */ = {
			isa = PBXContainerItemProxy;
			containerPortal = 54CCD64929672D5900A5E532 /* Project object */;
			proxyType = 1;
			remoteGlobalIDString = 54CCD65029672D5900A5E532;
			remoteInfo = EssentialApp;
		};
/* End PBXContainerItemProxy section */

/* Begin PBXCopyFilesBuildPhase section */
		54CCD66F29672E6500A5E532 /* Embed Frameworks */ = {
			isa = PBXCopyFilesBuildPhase;
			buildActionMask = 2147483647;
			dstPath = "";
			dstSubfolderSpec = 10;
			files = (
				54CCD66C29672E6500A5E532 /* EssentialFeed.framework in Embed Frameworks */,
				54CCD66E29672E6500A5E532 /* EssentialFeediOS.framework in Embed Frameworks */,
			);
			name = "Embed Frameworks";
			runOnlyForDeploymentPostprocessing = 0;
		};
/* End PBXCopyFilesBuildPhase section */

/* Begin PBXFileReference section */
		5460169429A3EB650006B396 /* EssentialAppTests.xctest */ = {isa = PBXFileReference; explicitFileType = wrapper.cfbundle; includeInIndex = 0; path = EssentialAppTests.xctest; sourceTree = BUILT_PRODUCTS_DIR; };
		546016A629A3FFA40006B396 /* XCTestCase+MemoryLeakTracking.swift */ = {isa = PBXFileReference; lastKnownFileType = sourcecode.swift; path = "XCTestCase+MemoryLeakTracking.swift"; sourceTree = "<group>"; };
		546016A829A3FFDB0006B396 /* SharedTestHelpers.swift */ = {isa = PBXFileReference; lastKnownFileType = sourcecode.swift; path = SharedTestHelpers.swift; sourceTree = "<group>"; };
		548E9BDE29A57C5E0059367D /* SceneDelegateTests.swift */ = {isa = PBXFileReference; lastKnownFileType = sourcecode.swift; path = SceneDelegateTests.swift; sourceTree = "<group>"; };
		54CCD65129672D5900A5E532 /* EssentialApp.app */ = {isa = PBXFileReference; explicitFileType = wrapper.application; includeInIndex = 0; path = EssentialApp.app; sourceTree = BUILT_PRODUCTS_DIR; };
		54CCD65429672D5900A5E532 /* AppDelegate.swift */ = {isa = PBXFileReference; lastKnownFileType = sourcecode.swift; path = AppDelegate.swift; sourceTree = "<group>"; };
		54CCD65629672D5900A5E532 /* SceneDelegate.swift */ = {isa = PBXFileReference; lastKnownFileType = sourcecode.swift; path = SceneDelegate.swift; sourceTree = "<group>"; };
		54CCD65D29672D5D00A5E532 /* Assets.xcassets */ = {isa = PBXFileReference; lastKnownFileType = folder.assetcatalog; path = Assets.xcassets; sourceTree = "<group>"; };
		54CCD66029672D5D00A5E532 /* Base */ = {isa = PBXFileReference; lastKnownFileType = file.storyboard; name = Base; path = Base.lproj/LaunchScreen.storyboard; sourceTree = "<group>"; };
		54CCD66229672D5D00A5E532 /* Info.plist */ = {isa = PBXFileReference; lastKnownFileType = text.plist.xml; path = Info.plist; sourceTree = "<group>"; };
		54CCD66929672E6500A5E532 /* EssentialFeed.framework */ = {isa = PBXFileReference; explicitFileType = wrapper.framework; path = EssentialFeed.framework; sourceTree = BUILT_PRODUCTS_DIR; };
		54CCD66A29672E6500A5E532 /* EssentialFeediOS.framework */ = {isa = PBXFileReference; explicitFileType = wrapper.framework; path = EssentialFeediOS.framework; sourceTree = BUILT_PRODUCTS_DIR; };
		54D928A129A57ECA008F23D4 /* FeedLoaderPresentationAdapter.swift */ = {isa = PBXFileReference; lastKnownFileType = sourcecode.swift; path = FeedLoaderPresentationAdapter.swift; sourceTree = "<group>"; };
		54D928A229A57ECA008F23D4 /* FeedUIComposer.swift */ = {isa = PBXFileReference; lastKnownFileType = sourcecode.swift; path = FeedUIComposer.swift; sourceTree = "<group>"; };
		54D928A329A57ECA008F23D4 /* WeakRefVirtualProxy.swift */ = {isa = PBXFileReference; lastKnownFileType = sourcecode.swift; path = WeakRefVirtualProxy.swift; sourceTree = "<group>"; };
		54D928A429A57ECA008F23D4 /* FeedImageDataLoaderPresentationAdapter.swift */ = {isa = PBXFileReference; lastKnownFileType = sourcecode.swift; path = FeedImageDataLoaderPresentationAdapter.swift; sourceTree = "<group>"; };
		54D928A629A57ECA008F23D4 /* FeedViewAdapter.swift */ = {isa = PBXFileReference; lastKnownFileType = sourcecode.swift; path = FeedViewAdapter.swift; sourceTree = "<group>"; };
		54D928AD29A57EEC008F23D4 /* FeedViewController+TestHelpers.swift */ = {isa = PBXFileReference; lastKnownFileType = sourcecode.swift; path = "FeedViewController+TestHelpers.swift"; sourceTree = "<group>"; };
		54D928AE29A57EEC008F23D4 /* UIControl+TestHelpers.swift */ = {isa = PBXFileReference; lastKnownFileType = sourcecode.swift; path = "UIControl+TestHelpers.swift"; sourceTree = "<group>"; };
		54D928AF29A57EEC008F23D4 /* FeedUIIntegrationTests+Assertions.swift */ = {isa = PBXFileReference; lastKnownFileType = sourcecode.swift; path = "FeedUIIntegrationTests+Assertions.swift"; sourceTree = "<group>"; };
		54D928B029A57EEC008F23D4 /* FeedUIIntegrationTests+Localization.swift */ = {isa = PBXFileReference; lastKnownFileType = sourcecode.swift; path = "FeedUIIntegrationTests+Localization.swift"; sourceTree = "<group>"; };
		54D928B129A57EEC008F23D4 /* FeedImageCell+TestHelpers.swift */ = {isa = PBXFileReference; lastKnownFileType = sourcecode.swift; path = "FeedImageCell+TestHelpers.swift"; sourceTree = "<group>"; };
		54D928B229A57EEC008F23D4 /* UIImage+TestHelpers.swift */ = {isa = PBXFileReference; lastKnownFileType = sourcecode.swift; path = "UIImage+TestHelpers.swift"; sourceTree = "<group>"; };
		54D928B329A57EEC008F23D4 /* UIRefreshControl+TestHelpers.swift */ = {isa = PBXFileReference; lastKnownFileType = sourcecode.swift; path = "UIRefreshControl+TestHelpers.swift"; sourceTree = "<group>"; };
		54D928B429A57EEC008F23D4 /* UIButton+TestHelpers.swift */ = {isa = PBXFileReference; lastKnownFileType = sourcecode.swift; path = "UIButton+TestHelpers.swift"; sourceTree = "<group>"; };
		54D928B529A57EEC008F23D4 /* FeedUIIntegrationTests+LoaderSpy.swift */ = {isa = PBXFileReference; lastKnownFileType = sourcecode.swift; path = "FeedUIIntegrationTests+LoaderSpy.swift"; sourceTree = "<group>"; };
		54D928BF29A57F06008F23D4 /* FeedUIIntegrationTests.swift */ = {isa = PBXFileReference; lastKnownFileType = sourcecode.swift; path = FeedUIIntegrationTests.swift; sourceTree = "<group>"; };
		54D928C129A581E4008F23D4 /* FeedAcceptanceTests.swift */ = {isa = PBXFileReference; lastKnownFileType = sourcecode.swift; path = FeedAcceptanceTests.swift; sourceTree = "<group>"; };
		54D928C329A5859D008F23D4 /* HTTPClientStub.swift */ = {isa = PBXFileReference; lastKnownFileType = sourcecode.swift; path = HTTPClientStub.swift; sourceTree = "<group>"; };
		54D928C529A585DC008F23D4 /* InMemoryFeedStore.swift */ = {isa = PBXFileReference; lastKnownFileType = sourcecode.swift; path = InMemoryFeedStore.swift; sourceTree = "<group>"; };
		D558A7A12A242A100050E394 /* UIView+TestHelpers.swift */ = {isa = PBXFileReference; lastKnownFileType = sourcecode.swift; path = "UIView+TestHelpers.swift"; sourceTree = "<group>"; };
/* End PBXFileReference section */

/* Begin PBXFrameworksBuildPhase section */
		5460169129A3EB650006B396 /* Frameworks */ = {
			isa = PBXFrameworksBuildPhase;
			buildActionMask = 2147483647;
			files = (
			);
			runOnlyForDeploymentPostprocessing = 0;
		};
		54CCD64E29672D5900A5E532 /* Frameworks */ = {
			isa = PBXFrameworksBuildPhase;
			buildActionMask = 2147483647;
			files = (
				54CCD66B29672E6500A5E532 /* EssentialFeed.framework in Frameworks */,
				54CCD66D29672E6500A5E532 /* EssentialFeediOS.framework in Frameworks */,
			);
			runOnlyForDeploymentPostprocessing = 0;
		};
/* End PBXFrameworksBuildPhase section */

/* Begin PBXGroup section */
		5460169529A3EB650006B396 /* EssentialAppTests */ = {
			isa = PBXGroup;
			children = (
				546016A529A3FF920006B396 /* Helpers */,
				54D928BF29A57F06008F23D4 /* FeedUIIntegrationTests.swift */,
				548E9BDE29A57C5E0059367D /* SceneDelegateTests.swift */,
				54D928C129A581E4008F23D4 /* FeedAcceptanceTests.swift */,
			);
			path = EssentialAppTests;
			sourceTree = "<group>";
		};
		546016A529A3FF920006B396 /* Helpers */ = {
			isa = PBXGroup;
			children = (
				54D928B229A57EEC008F23D4 /* UIImage+TestHelpers.swift */,
				54D928B329A57EEC008F23D4 /* UIRefreshControl+TestHelpers.swift */,
				54D928B429A57EEC008F23D4 /* UIButton+TestHelpers.swift */,
				54D928AE29A57EEC008F23D4 /* UIControl+TestHelpers.swift */,
				54D928AD29A57EEC008F23D4 /* FeedViewController+TestHelpers.swift */,
				54D928B129A57EEC008F23D4 /* FeedImageCell+TestHelpers.swift */,
				54D928B529A57EEC008F23D4 /* FeedUIIntegrationTests+LoaderSpy.swift */,
				54D928AF29A57EEC008F23D4 /* FeedUIIntegrationTests+Assertions.swift */,
				54D928B029A57EEC008F23D4 /* FeedUIIntegrationTests+Localization.swift */,
				546016A629A3FFA40006B396 /* XCTestCase+MemoryLeakTracking.swift */,
				546016A829A3FFDB0006B396 /* SharedTestHelpers.swift */,
				54D928C329A5859D008F23D4 /* HTTPClientStub.swift */,
				54D928C529A585DC008F23D4 /* InMemoryFeedStore.swift */,
				D558A7A12A242A100050E394 /* UIView+TestHelpers.swift */,
			);
			path = Helpers;
			sourceTree = "<group>";
		};
		54CCD64829672D5900A5E532 = {
			isa = PBXGroup;
			children = (
				54CCD65329672D5900A5E532 /* EssentialApp */,
				5460169529A3EB650006B396 /* EssentialAppTests */,
				54CCD65229672D5900A5E532 /* Products */,
				54CCD66829672E6500A5E532 /* Frameworks */,
			);
			sourceTree = "<group>";
		};
		54CCD65229672D5900A5E532 /* Products */ = {
			isa = PBXGroup;
			children = (
				54CCD65129672D5900A5E532 /* EssentialApp.app */,
				5460169429A3EB650006B396 /* EssentialAppTests.xctest */,
			);
			name = Products;
			sourceTree = "<group>";
		};
		54CCD65329672D5900A5E532 /* EssentialApp */ = {
			isa = PBXGroup;
			children = (
				54D928A229A57ECA008F23D4 /* FeedUIComposer.swift */,
				54D928A329A57ECA008F23D4 /* WeakRefVirtualProxy.swift */,
				54D928A429A57ECA008F23D4 /* FeedImageDataLoaderPresentationAdapter.swift */,
				54D928A129A57ECA008F23D4 /* FeedLoaderPresentationAdapter.swift */,
				54D928A629A57ECA008F23D4 /* FeedViewAdapter.swift */,
				54CCD65429672D5900A5E532 /* AppDelegate.swift */,
				54CCD65629672D5900A5E532 /* SceneDelegate.swift */,
				54CCD65D29672D5D00A5E532 /* Assets.xcassets */,
				54CCD65F29672D5D00A5E532 /* LaunchScreen.storyboard */,
				54CCD66229672D5D00A5E532 /* Info.plist */,
			);
			path = EssentialApp;
			sourceTree = "<group>";
		};
		54CCD66829672E6500A5E532 /* Frameworks */ = {
			isa = PBXGroup;
			children = (
				54CCD66929672E6500A5E532 /* EssentialFeed.framework */,
				54CCD66A29672E6500A5E532 /* EssentialFeediOS.framework */,
			);
			name = Frameworks;
			sourceTree = "<group>";
		};
/* End PBXGroup section */

/* Begin PBXNativeTarget section */
		5460169329A3EB650006B396 /* EssentialAppTests */ = {
			isa = PBXNativeTarget;
			buildConfigurationList = 5460169C29A3EB650006B396 /* Build configuration list for PBXNativeTarget "EssentialAppTests" */;
			buildPhases = (
				5460169029A3EB650006B396 /* Sources */,
				5460169129A3EB650006B396 /* Frameworks */,
				5460169229A3EB650006B396 /* Resources */,
			);
			buildRules = (
			);
			dependencies = (
				5460169929A3EB650006B396 /* PBXTargetDependency */,
			);
			name = EssentialAppTests;
			productName = EssentialAppTests;
			productReference = 5460169429A3EB650006B396 /* EssentialAppTests.xctest */;
			productType = "com.apple.product-type.bundle.unit-test";
		};
		54CCD65029672D5900A5E532 /* EssentialApp */ = {
			isa = PBXNativeTarget;
			buildConfigurationList = 54CCD66529672D5D00A5E532 /* Build configuration list for PBXNativeTarget "EssentialApp" */;
			buildPhases = (
				54CCD64D29672D5900A5E532 /* Sources */,
				54CCD64E29672D5900A5E532 /* Frameworks */,
				54CCD64F29672D5900A5E532 /* Resources */,
				54CCD66F29672E6500A5E532 /* Embed Frameworks */,
			);
			buildRules = (
			);
			dependencies = (
			);
			name = EssentialApp;
			productName = EssentialApp;
			productReference = 54CCD65129672D5900A5E532 /* EssentialApp.app */;
			productType = "com.apple.product-type.application";
		};
/* End PBXNativeTarget section */

/* Begin PBXProject section */
		54CCD64929672D5900A5E532 /* Project object */ = {
			isa = PBXProject;
			attributes = {
				BuildIndependentTargetsInParallel = 1;
				LastSwiftUpdateCheck = 1420;
				LastUpgradeCheck = 1420;
				TargetAttributes = {
					5460169329A3EB650006B396 = {
						CreatedOnToolsVersion = 14.2;
						LastSwiftMigration = 1420;
						TestTargetID = 54CCD65029672D5900A5E532;
					};
					54CCD65029672D5900A5E532 = {
						CreatedOnToolsVersion = 14.2;
					};
				};
			};
			buildConfigurationList = 54CCD64C29672D5900A5E532 /* Build configuration list for PBXProject "EssentialApp" */;
			compatibilityVersion = "Xcode 14.0";
			developmentRegion = en;
			hasScannedForEncodings = 0;
			knownRegions = (
				en,
				Base,
			);
			mainGroup = 54CCD64829672D5900A5E532;
			productRefGroup = 54CCD65229672D5900A5E532 /* Products */;
			projectDirPath = "";
			projectRoot = "";
			targets = (
				54CCD65029672D5900A5E532 /* EssentialApp */,
				5460169329A3EB650006B396 /* EssentialAppTests */,
			);
		};
/* End PBXProject section */

/* Begin PBXResourcesBuildPhase section */
		5460169229A3EB650006B396 /* Resources */ = {
			isa = PBXResourcesBuildPhase;
			buildActionMask = 2147483647;
			files = (
			);
			runOnlyForDeploymentPostprocessing = 0;
		};
		54CCD64F29672D5900A5E532 /* Resources */ = {
			isa = PBXResourcesBuildPhase;
			buildActionMask = 2147483647;
			files = (
				54CCD66129672D5D00A5E532 /* LaunchScreen.storyboard in Resources */,
				54CCD65E29672D5D00A5E532 /* Assets.xcassets in Resources */,
			);
			runOnlyForDeploymentPostprocessing = 0;
		};
/* End PBXResourcesBuildPhase section */

/* Begin PBXSourcesBuildPhase section */
		5460169029A3EB650006B396 /* Sources */ = {
			isa = PBXSourcesBuildPhase;
			buildActionMask = 2147483647;
			files = (
				546016A929A3FFDB0006B396 /* SharedTestHelpers.swift in Sources */,
				54D928BE29A57EED008F23D4 /* UIButton+TestHelpers.swift in Sources */,
				54D928BC29A57EED008F23D4 /* FeedUIIntegrationTests+Assertions.swift in Sources */,
				54D928BA29A57EED008F23D4 /* UIControl+TestHelpers.swift in Sources */,
				54D928B829A57EED008F23D4 /* UIImage+TestHelpers.swift in Sources */,
				548E9BDF29A57C5E0059367D /* SceneDelegateTests.swift in Sources */,
				54D928C629A585DC008F23D4 /* InMemoryFeedStore.swift in Sources */,
				54D928B629A57EED008F23D4 /* FeedImageCell+TestHelpers.swift in Sources */,
				54D928B729A57EED008F23D4 /* FeedUIIntegrationTests+LoaderSpy.swift in Sources */,
				54D928C429A5859D008F23D4 /* HTTPClientStub.swift in Sources */,
				54D928BD29A57EED008F23D4 /* FeedUIIntegrationTests+Localization.swift in Sources */,
				D558A7A22A242A100050E394 /* UIView+TestHelpers.swift in Sources */,
				54D928BB29A57EED008F23D4 /* UIRefreshControl+TestHelpers.swift in Sources */,
				54D928C229A581E4008F23D4 /* FeedAcceptanceTests.swift in Sources */,
				54D928B929A57EED008F23D4 /* FeedViewController+TestHelpers.swift in Sources */,
				54D928C029A57F06008F23D4 /* FeedUIIntegrationTests.swift in Sources */,
				546016A729A3FFA40006B396 /* XCTestCase+MemoryLeakTracking.swift in Sources */,
			);
			runOnlyForDeploymentPostprocessing = 0;
		};
		54CCD64D29672D5900A5E532 /* Sources */ = {
			isa = PBXSourcesBuildPhase;
			buildActionMask = 2147483647;
			files = (
				54D928AC29A57ECA008F23D4 /* FeedViewAdapter.swift in Sources */,
				54D928AA29A57ECA008F23D4 /* FeedUIComposer.swift in Sources */,
				54CCD65529672D5900A5E532 /* AppDelegate.swift in Sources */,
				54CCD65729672D5900A5E532 /* SceneDelegate.swift in Sources */,
				54D928A829A57ECA008F23D4 /* FeedLoaderPresentationAdapter.swift in Sources */,
				54D928A729A57ECA008F23D4 /* FeedImageDataLoaderPresentationAdapter.swift in Sources */,
				54D928AB29A57ECA008F23D4 /* WeakRefVirtualProxy.swift in Sources */,
			);
			runOnlyForDeploymentPostprocessing = 0;
		};
/* End PBXSourcesBuildPhase section */

/* Begin PBXTargetDependency section */
		5460169929A3EB650006B396 /* PBXTargetDependency */ = {
			isa = PBXTargetDependency;
			target = 54CCD65029672D5900A5E532 /* EssentialApp */;
			targetProxy = 5460169829A3EB650006B396 /* PBXContainerItemProxy */;
		};
/* End PBXTargetDependency section */

/* Begin PBXVariantGroup section */
		54CCD65F29672D5D00A5E532 /* LaunchScreen.storyboard */ = {
			isa = PBXVariantGroup;
			children = (
				54CCD66029672D5D00A5E532 /* Base */,
			);
			name = LaunchScreen.storyboard;
			sourceTree = "<group>";
		};
/* End PBXVariantGroup section */

/* Begin XCBuildConfiguration section */
		5460169A29A3EB650006B396 /* Debug */ = {
			isa = XCBuildConfiguration;
			buildSettings = {
				BUNDLE_LOADER = "$(TEST_HOST)";
				CLANG_ENABLE_MODULES = YES;
				CODE_SIGN_STYLE = Automatic;
				CURRENT_PROJECT_VERSION = 1;
				DEVELOPMENT_TEAM = VJ9FQ76YK4;
				GENERATE_INFOPLIST_FILE = YES;
				LD_RUNPATH_SEARCH_PATHS = (
					"$(inherited)",
					"@executable_path/Frameworks",
					"@loader_path/Frameworks",
				);
				MARKETING_VERSION = 1.0;
				PRODUCT_BUNDLE_IDENTIFIER = nadin.EssentialAppTests;
				PRODUCT_NAME = "$(TARGET_NAME)";
				SWIFT_EMIT_LOC_STRINGS = NO;
				SWIFT_OPTIMIZATION_LEVEL = "-Onone";
				SWIFT_VERSION = 5.0;
				TARGETED_DEVICE_FAMILY = "1,2";
				TEST_HOST = "$(BUILT_PRODUCTS_DIR)/EssentialApp.app/$(BUNDLE_EXECUTABLE_FOLDER_PATH)/EssentialApp";
			};
			name = Debug;
		};
		5460169B29A3EB650006B396 /* Release */ = {
			isa = XCBuildConfiguration;
			buildSettings = {
				BUNDLE_LOADER = "$(TEST_HOST)";
				CLANG_ENABLE_MODULES = YES;
				CODE_SIGN_STYLE = Automatic;
				CURRENT_PROJECT_VERSION = 1;
				DEVELOPMENT_TEAM = VJ9FQ76YK4;
				GENERATE_INFOPLIST_FILE = YES;
				LD_RUNPATH_SEARCH_PATHS = (
					"$(inherited)",
					"@executable_path/Frameworks",
					"@loader_path/Frameworks",
				);
				MARKETING_VERSION = 1.0;
				PRODUCT_BUNDLE_IDENTIFIER = nadin.EssentialAppTests;
				PRODUCT_NAME = "$(TARGET_NAME)";
				SWIFT_EMIT_LOC_STRINGS = NO;
				SWIFT_VERSION = 5.0;
				TARGETED_DEVICE_FAMILY = "1,2";
				TEST_HOST = "$(BUILT_PRODUCTS_DIR)/EssentialApp.app/$(BUNDLE_EXECUTABLE_FOLDER_PATH)/EssentialApp";
			};
			name = Release;
		};
		54CCD66329672D5D00A5E532 /* Debug */ = {
			isa = XCBuildConfiguration;
			buildSettings = {
				ALWAYS_SEARCH_USER_PATHS = NO;
				CLANG_ANALYZER_NONNULL = YES;
				CLANG_ANALYZER_NUMBER_OBJECT_CONVERSION = YES_AGGRESSIVE;
				CLANG_CXX_LANGUAGE_STANDARD = "gnu++20";
				CLANG_ENABLE_MODULES = YES;
				CLANG_ENABLE_OBJC_ARC = YES;
				CLANG_ENABLE_OBJC_WEAK = YES;
				CLANG_WARN_BLOCK_CAPTURE_AUTORELEASING = YES;
				CLANG_WARN_BOOL_CONVERSION = YES;
				CLANG_WARN_COMMA = YES;
				CLANG_WARN_CONSTANT_CONVERSION = YES;
				CLANG_WARN_DEPRECATED_OBJC_IMPLEMENTATIONS = YES;
				CLANG_WARN_DIRECT_OBJC_ISA_USAGE = YES_ERROR;
				CLANG_WARN_DOCUMENTATION_COMMENTS = YES;
				CLANG_WARN_EMPTY_BODY = YES;
				CLANG_WARN_ENUM_CONVERSION = YES;
				CLANG_WARN_INFINITE_RECURSION = YES;
				CLANG_WARN_INT_CONVERSION = YES;
				CLANG_WARN_NON_LITERAL_NULL_CONVERSION = YES;
				CLANG_WARN_OBJC_IMPLICIT_RETAIN_SELF = YES;
				CLANG_WARN_OBJC_LITERAL_CONVERSION = YES;
				CLANG_WARN_OBJC_ROOT_CLASS = YES_ERROR;
				CLANG_WARN_QUOTED_INCLUDE_IN_FRAMEWORK_HEADER = YES;
				CLANG_WARN_RANGE_LOOP_ANALYSIS = YES;
				CLANG_WARN_STRICT_PROTOTYPES = YES;
				CLANG_WARN_SUSPICIOUS_MOVE = YES;
				CLANG_WARN_UNGUARDED_AVAILABILITY = YES_AGGRESSIVE;
				CLANG_WARN_UNREACHABLE_CODE = YES;
				CLANG_WARN__DUPLICATE_METHOD_MATCH = YES;
				COPY_PHASE_STRIP = NO;
				DEBUG_INFORMATION_FORMAT = dwarf;
				ENABLE_STRICT_OBJC_MSGSEND = YES;
				ENABLE_TESTABILITY = YES;
				GCC_C_LANGUAGE_STANDARD = gnu11;
				GCC_DYNAMIC_NO_PIC = NO;
				GCC_NO_COMMON_BLOCKS = YES;
				GCC_OPTIMIZATION_LEVEL = 0;
				GCC_PREPROCESSOR_DEFINITIONS = (
					"DEBUG=1",
					"$(inherited)",
				);
				GCC_WARN_64_TO_32_BIT_CONVERSION = YES;
				GCC_WARN_ABOUT_RETURN_TYPE = YES_ERROR;
				GCC_WARN_UNDECLARED_SELECTOR = YES;
				GCC_WARN_UNINITIALIZED_AUTOS = YES_AGGRESSIVE;
				GCC_WARN_UNUSED_FUNCTION = YES;
				GCC_WARN_UNUSED_VARIABLE = YES;
				IPHONEOS_DEPLOYMENT_TARGET = 16.2;
				MTL_ENABLE_DEBUG_INFO = INCLUDE_SOURCE;
				MTL_FAST_MATH = YES;
				ONLY_ACTIVE_ARCH = YES;
				SDKROOT = iphoneos;
				SWIFT_ACTIVE_COMPILATION_CONDITIONS = DEBUG;
				SWIFT_OPTIMIZATION_LEVEL = "-Onone";
			};
			name = Debug;
		};
		54CCD66429672D5D00A5E532 /* Release */ = {
			isa = XCBuildConfiguration;
			buildSettings = {
				ALWAYS_SEARCH_USER_PATHS = NO;
				CLANG_ANALYZER_NONNULL = YES;
				CLANG_ANALYZER_NUMBER_OBJECT_CONVERSION = YES_AGGRESSIVE;
				CLANG_CXX_LANGUAGE_STANDARD = "gnu++20";
				CLANG_ENABLE_MODULES = YES;
				CLANG_ENABLE_OBJC_ARC = YES;
				CLANG_ENABLE_OBJC_WEAK = YES;
				CLANG_WARN_BLOCK_CAPTURE_AUTORELEASING = YES;
				CLANG_WARN_BOOL_CONVERSION = YES;
				CLANG_WARN_COMMA = YES;
				CLANG_WARN_CONSTANT_CONVERSION = YES;
				CLANG_WARN_DEPRECATED_OBJC_IMPLEMENTATIONS = YES;
				CLANG_WARN_DIRECT_OBJC_ISA_USAGE = YES_ERROR;
				CLANG_WARN_DOCUMENTATION_COMMENTS = YES;
				CLANG_WARN_EMPTY_BODY = YES;
				CLANG_WARN_ENUM_CONVERSION = YES;
				CLANG_WARN_INFINITE_RECURSION = YES;
				CLANG_WARN_INT_CONVERSION = YES;
				CLANG_WARN_NON_LITERAL_NULL_CONVERSION = YES;
				CLANG_WARN_OBJC_IMPLICIT_RETAIN_SELF = YES;
				CLANG_WARN_OBJC_LITERAL_CONVERSION = YES;
				CLANG_WARN_OBJC_ROOT_CLASS = YES_ERROR;
				CLANG_WARN_QUOTED_INCLUDE_IN_FRAMEWORK_HEADER = YES;
				CLANG_WARN_RANGE_LOOP_ANALYSIS = YES;
				CLANG_WARN_STRICT_PROTOTYPES = YES;
				CLANG_WARN_SUSPICIOUS_MOVE = YES;
				CLANG_WARN_UNGUARDED_AVAILABILITY = YES_AGGRESSIVE;
				CLANG_WARN_UNREACHABLE_CODE = YES;
				CLANG_WARN__DUPLICATE_METHOD_MATCH = YES;
				COPY_PHASE_STRIP = NO;
				DEBUG_INFORMATION_FORMAT = "dwarf-with-dsym";
				ENABLE_NS_ASSERTIONS = NO;
				ENABLE_STRICT_OBJC_MSGSEND = YES;
				GCC_C_LANGUAGE_STANDARD = gnu11;
				GCC_NO_COMMON_BLOCKS = YES;
				GCC_WARN_64_TO_32_BIT_CONVERSION = YES;
				GCC_WARN_ABOUT_RETURN_TYPE = YES_ERROR;
				GCC_WARN_UNDECLARED_SELECTOR = YES;
				GCC_WARN_UNINITIALIZED_AUTOS = YES_AGGRESSIVE;
				GCC_WARN_UNUSED_FUNCTION = YES;
				GCC_WARN_UNUSED_VARIABLE = YES;
				IPHONEOS_DEPLOYMENT_TARGET = 16.2;
				MTL_ENABLE_DEBUG_INFO = NO;
				MTL_FAST_MATH = YES;
				SDKROOT = iphoneos;
				SWIFT_COMPILATION_MODE = wholemodule;
				SWIFT_OPTIMIZATION_LEVEL = "-O";
				VALIDATE_PRODUCT = YES;
			};
			name = Release;
		};
		54CCD66629672D5D00A5E532 /* Debug */ = {
			isa = XCBuildConfiguration;
			buildSettings = {
				ASSETCATALOG_COMPILER_APPICON_NAME = AppIcon;
				ASSETCATALOG_COMPILER_GLOBAL_ACCENT_COLOR_NAME = AccentColor;
				CODE_SIGN_STYLE = Automatic;
				CURRENT_PROJECT_VERSION = 1;
				DEVELOPMENT_TEAM = VJ9FQ76YK4;
				GENERATE_INFOPLIST_FILE = YES;
				INFOPLIST_FILE = EssentialApp/Info.plist;
				INFOPLIST_KEY_UIApplicationSupportsIndirectInputEvents = YES;
				INFOPLIST_KEY_UILaunchStoryboardName = LaunchScreen;
				INFOPLIST_KEY_UISupportedInterfaceOrientations = UIInterfaceOrientationPortrait;
				IPHONEOS_DEPLOYMENT_TARGET = 16.0;
				LD_RUNPATH_SEARCH_PATHS = (
					"$(inherited)",
					"@executable_path/Frameworks",
				);
				MARKETING_VERSION = 1.0;
				PRODUCT_BUNDLE_IDENTIFIER = nadin.EssentialApp;
				PRODUCT_NAME = "$(TARGET_NAME)";
				SUPPORTED_PLATFORMS = "iphoneos iphonesimulator";
				SUPPORTS_MACCATALYST = NO;
				SUPPORTS_MAC_DESIGNED_FOR_IPHONE_IPAD = NO;
				SWIFT_EMIT_LOC_STRINGS = YES;
				SWIFT_VERSION = 5.0;
				TARGETED_DEVICE_FAMILY = 1;
			};
			name = Debug;
		};
		54CCD66729672D5D00A5E532 /* Release */ = {
			isa = XCBuildConfiguration;
			buildSettings = {
				ASSETCATALOG_COMPILER_APPICON_NAME = AppIcon;
				ASSETCATALOG_COMPILER_GLOBAL_ACCENT_COLOR_NAME = AccentColor;
				CODE_SIGN_STYLE = Automatic;
				CURRENT_PROJECT_VERSION = 1;
				DEVELOPMENT_TEAM = VJ9FQ76YK4;
				GENERATE_INFOPLIST_FILE = YES;
				INFOPLIST_FILE = EssentialApp/Info.plist;
				INFOPLIST_KEY_UIApplicationSupportsIndirectInputEvents = YES;
				INFOPLIST_KEY_UILaunchStoryboardName = LaunchScreen;
				INFOPLIST_KEY_UISupportedInterfaceOrientations = UIInterfaceOrientationPortrait;
				IPHONEOS_DEPLOYMENT_TARGET = 16.0;
				LD_RUNPATH_SEARCH_PATHS = (
					"$(inherited)",
					"@executable_path/Frameworks",
				);
				MARKETING_VERSION = 1.0;
				PRODUCT_BUNDLE_IDENTIFIER = nadin.EssentialApp;
				PRODUCT_NAME = "$(TARGET_NAME)";
				SUPPORTED_PLATFORMS = "iphoneos iphonesimulator";
				SUPPORTS_MACCATALYST = NO;
				SUPPORTS_MAC_DESIGNED_FOR_IPHONE_IPAD = NO;
				SWIFT_EMIT_LOC_STRINGS = YES;
				SWIFT_VERSION = 5.0;
				TARGETED_DEVICE_FAMILY = 1;
			};
			name = Release;
		};
/* End XCBuildConfiguration section */

/* Begin XCConfigurationList section */
		5460169C29A3EB650006B396 /* Build configuration list for PBXNativeTarget "EssentialAppTests" */ = {
			isa = XCConfigurationList;
			buildConfigurations = (
				5460169A29A3EB650006B396 /* Debug */,
				5460169B29A3EB650006B396 /* Release */,
			);
			defaultConfigurationIsVisible = 0;
			defaultConfigurationName = Release;
		};
		54CCD64C29672D5900A5E532 /* Build configuration list for PBXProject "EssentialApp" */ = {
			isa = XCConfigurationList;
			buildConfigurations = (
				54CCD66329672D5D00A5E532 /* Debug */,
				54CCD66429672D5D00A5E532 /* Release */,
			);
			defaultConfigurationIsVisible = 0;
			defaultConfigurationName = Release;
		};
		54CCD66529672D5D00A5E532 /* Build configuration list for PBXNativeTarget "EssentialApp" */ = {
			isa = XCConfigurationList;
			buildConfigurations = (
				54CCD66629672D5D00A5E532 /* Debug */,
				54CCD66729672D5D00A5E532 /* Release */,
			);
			defaultConfigurationIsVisible = 0;
			defaultConfigurationName = Release;
		};
/* End XCConfigurationList section */
	};
	rootObject = 54CCD64929672D5900A5E532 /* Project object */;
}
